// !$*UTF8*$!
{
	archiveVersion = 1;
	classes = {
	};
	objectVersion = 48;
	objects = {

/* Begin PBXBuildFile section */
		5B3172D21FF7F4CF00BCDC7B /* zvad.cpp in Sources */ = {isa = PBXBuildFile; fileRef = 5B3172CE1FF7F4CE00BCDC7B /* zvad.cpp */; };
		5B3172D31FF7F4CF00BCDC7B /* zbf.cpp in Sources */ = {isa = PBXBuildFile; fileRef = 5B3172D11FF7F4CF00BCDC7B /* zbf.cpp */; };
		5B3172E11FFA9FF700BCDC7B /* zvtapi.cpp in Sources */ = {isa = PBXBuildFile; fileRef = 5B3172D41FFA9FF600BCDC7B /* zvtapi.cpp */; };
		5B3172E21FFA9FF700BCDC7B /* zvtmem.cpp in Sources */ = {isa = PBXBuildFile; fileRef = 5B3172D81FFA9FF600BCDC7B /* zvtmem.cpp */; };
		5B3172E31FFA9FF700BCDC7B /* zvtsto.cpp in Sources */ = {isa = PBXBuildFile; fileRef = 5B3172D91FFA9FF600BCDC7B /* zvtsto.cpp */; };
		5B3172E41FFA9FF700BCDC7B /* zvtdet.cpp in Sources */ = {isa = PBXBuildFile; fileRef = 5B3172DB1FFA9FF600BCDC7B /* zvtdet.cpp */; };
		5B3172E51FFA9FF700BCDC7B /* zphosto.cpp in Sources */ = {isa = PBXBuildFile; fileRef = 5B3172DF1FFA9FF600BCDC7B /* zphosto.cpp */; };
		5B3172E61FFA9FF700BCDC7B /* zsildet3.cpp in Sources */ = {isa = PBXBuildFile; fileRef = 5B3172E01FFA9FF600BCDC7B /* zsildet3.cpp */; };
		5B3908F21FEFDD1A0051824E /* libcommon_audio.a in Frameworks */ = {isa = PBXBuildFile; fileRef = 5B3F58D51FEEA9F300FDB357 /* libcommon_audio.a */; };
		5B3908F41FEFDDCF0051824E /* NNVadIntf.h in Headers */ = {isa = PBXBuildFile; fileRef = 5B3908F31FEFDDCF0051824E /* NNVadIntf.h */; };
		5B390C921FF2AB110051824E /* zcomp.cpp in Sources */ = {isa = PBXBuildFile; fileRef = 5B390C271FF2AB100051824E /* zcomp.cpp */; };
		5B390C931FF2AB110051824E /* zcomp_linear.cpp in Sources */ = {isa = PBXBuildFile; fileRef = 5B390C291FF2AB100051824E /* zcomp_linear.cpp */; };
		5B390C941FF2AB110051824E /* znnet.cpp in Sources */ = {isa = PBXBuildFile; fileRef = 5B390C2A1FF2AB100051824E /* znnet.cpp */; };
		5B390C951FF2AB110051824E /* zcomp_activation.cpp in Sources */ = {isa = PBXBuildFile; fileRef = 5B390C2C1FF2AB100051824E /* zcomp_activation.cpp */; };
		5B390C961FF2AB110051824E /* zcomp_affine.cpp in Sources */ = {isa = PBXBuildFile; fileRef = 5B390C2E1FF2AB100051824E /* zcomp_affine.cpp */; };
		5B390C971FF2AB110051824E /* zcomp_lstm_cell.cpp in Sources */ = {isa = PBXBuildFile; fileRef = 5B390C2F1FF2AB100051824E /* zcomp_lstm_cell.cpp */; };
		5B390C981FF2AB110051824E /* zcomp_lstm.cpp in Sources */ = {isa = PBXBuildFile; fileRef = 5B390C321FF2AB100051824E /* zcomp_lstm.cpp */; };
		5B390C9E1FF2AB110051824E /* zslapi.cpp in Sources */ = {isa = PBXBuildFile; fileRef = 5B390C441FF2AB100051824E /* zslapi.cpp */; };
		5B390C9F1FF2AB110051824E /* zslmem.cpp in Sources */ = {isa = PBXBuildFile; fileRef = 5B390C451FF2AB100051824E /* zslmem.cpp */; };
		5B390CA01FF2AB110051824E /* spline.cpp in Sources */ = {isa = PBXBuildFile; fileRef = 5B390C461FF2AB100051824E /* spline.cpp */; };
		5B390CA21FF2AB110051824E /* zutil.cpp in Sources */ = {isa = PBXBuildFile; fileRef = 5B390C4A1FF2AB100051824E /* zutil.cpp */; };
		5B390CA31FF2AB110051824E /* zmat_neon.cpp in Sources */ = {isa = PBXBuildFile; fileRef = 5B390C4C1FF2AB100051824E /* zmat_neon.cpp */; };
		5B390CA41FF2AB110051824E /* zcmat.cpp in Sources */ = {isa = PBXBuildFile; fileRef = 5B390C4F1FF2AB100051824E /* zcmat.cpp */; };
		5B390CA51FF2AB110051824E /* zvec.cpp in Sources */ = {isa = PBXBuildFile; fileRef = 5B390C501FF2AB100051824E /* zvec.cpp */; };
		5B390CA61FF2AB110051824E /* zmat.cpp in Sources */ = {isa = PBXBuildFile; fileRef = 5B390C531FF2AB100051824E /* zmat.cpp */; };
		5B390CAD1FF2AB110051824E /* zcfmem.cpp in Sources */ = {isa = PBXBuildFile; fileRef = 5B390C631FF2AB100051824E /* zcfmem.cpp */; };
		5B390CAE1FF2AB110051824E /* zcfapi.cpp in Sources */ = {isa = PBXBuildFile; fileRef = 5B390C661FF2AB100051824E /* zcfapi.cpp */; };
		5B390CB01FF2AB110051824E /* zfftr2r.cpp in Sources */ = {isa = PBXBuildFile; fileRef = 5B390C6E1FF2AB100051824E /* zfftr2r.cpp */; };
		5B390CB11FF2AB110051824E /* zfftr2c.cpp in Sources */ = {isa = PBXBuildFile; fileRef = 5B390C6F1FF2AB100051824E /* zfftr2c.cpp */; };
		5B390CB21FF2AB110051824E /* zoutput.cpp in Sources */ = {isa = PBXBuildFile; fileRef = 5B390C721FF2AB100051824E /* zoutput.cpp */; };
		5B390CB31FF2AB110051824E /* zinput.cpp in Sources */ = {isa = PBXBuildFile; fileRef = 5B390C741FF2AB100051824E /* zinput.cpp */; };
		5B390CB41FF2AB110051824E /* zvbvmem.cpp in Sources */ = {isa = PBXBuildFile; fileRef = 5B390C771FF2AB100051824E /* zvbvmem.cpp */; };
		5B390CB61FF2AB110051824E /* zvt.cpp in Sources */ = {isa = PBXBuildFile; fileRef = 5B390C7F1FF2AB100051824E /* zvt.cpp */; };
		5B390CB71FF2AB110051824E /* zns.cpp in Sources */ = {isa = PBXBuildFile; fileRef = 5B390C801FF2AB100051824E /* zns.cpp */; };
		5B390CB81FF2AB110051824E /* zdirty.cpp in Sources */ = {isa = PBXBuildFile; fileRef = 5B390C811FF2AB100051824E /* zdirty.cpp */; };
		5B390CB91FF2AB110051824E /* zsl.cpp in Sources */ = {isa = PBXBuildFile; fileRef = 5B390C831FF2AB100051824E /* zsl.cpp */; };
		5B390CBB1FF2AB110051824E /* zvbvapi.cpp in Sources */ = {isa = PBXBuildFile; fileRef = 5B390C861FF2AB100051824E /* zvbvapi.cpp */; };
		5B390CBC1FF2AB110051824E /* zfea2.cpp in Sources */ = {isa = PBXBuildFile; fileRef = 5B390C891FF2AB100051824E /* zfea2.cpp */; };
		5B390CBD1FF2AB110051824E /* zfea1.cpp in Sources */ = {isa = PBXBuildFile; fileRef = 5B390C8A1FF2AB100051824E /* zfea1.cpp */; };
		5B390CBE1FF2AB110051824E /* zfilter.cpp in Sources */ = {isa = PBXBuildFile; fileRef = 5B390C8B1FF2AB100051824E /* zfilter.cpp */; };
		5B390CBF1FF2AB110051824E /* zbuff.cpp in Sources */ = {isa = PBXBuildFile; fileRef = 5B390C911FF2AB110051824E /* zbuff.cpp */; };
		5B390CCE1FF2ABB50051824E /* zaudapi.cpp in Sources */ = {isa = PBXBuildFile; fileRef = 5B390CC11FF2ABB40051824E /* zaudapi.cpp */; };
		5B390CCF1FF2ABB50051824E /* zrsmem2.cpp in Sources */ = {isa = PBXBuildFile; fileRef = 5B390CC41FF2ABB40051824E /* zrsmem2.cpp */; };
		5B390CD01FF2ABB50051824E /* fa_fir.cpp in Sources */ = {isa = PBXBuildFile; fileRef = 5B390CC71FF2ABB40051824E /* fa_fir.cpp */; };
		5B390CD11FF2ABB50051824E /* zrssto.cpp in Sources */ = {isa = PBXBuildFile; fileRef = 5B390CC81FF2ABB40051824E /* zrssto.cpp */; };
		5B390CD21FF2ABB50051824E /* zrsapi.cpp in Sources */ = {isa = PBXBuildFile; fileRef = 5B390CC91FF2ABB40051824E /* zrsapi.cpp */; };
		5B390CD31FF2ABB50051824E /* fa_resample.cpp in Sources */ = {isa = PBXBuildFile; fileRef = 5B390CCA1FF2ABB40051824E /* fa_resample.cpp */; };
		5B3F58BC1FEEA9C700FDB357 /* main.cpp in Sources */ = {isa = PBXBuildFile; fileRef = 5B3F58BB1FEEA9C700FDB357 /* main.cpp */; };
		5B3F59121FEEAA6E00FDB357 /* siren.h in Headers */ = {isa = PBXBuildFile; fileRef = 5B3F59101FEEAA6D00FDB357 /* siren.h */; };
		5B3F59131FEEAA6E00FDB357 /* siren_types.h in Headers */ = {isa = PBXBuildFile; fileRef = 5B3F59111FEEAA6D00FDB357 /* siren_types.h */; };
		5B3F59181FEEAAD600FDB357 /* siren_impl.cpp in Sources */ = {isa = PBXBuildFile; fileRef = 5B3F59141FEEAAD600FDB357 /* siren_impl.cpp */; };
		5B3F59191FEEAAD600FDB357 /* siren.cpp in Sources */ = {isa = PBXBuildFile; fileRef = 5B3F59151FEEAAD600FDB357 /* siren.cpp */; };
		5B3F591A1FEEAAD600FDB357 /* siren_impl.h in Headers */ = {isa = PBXBuildFile; fileRef = 5B3F59161FEEAAD600FDB357 /* siren_impl.h */; };
		5B3F591B1FEEAAD600FDB357 /* siren_config.h in Headers */ = {isa = PBXBuildFile; fileRef = 5B3F59171FEEAAD600FDB357 /* siren_config.h */; };
		5B3F591E1FEEAC0500FDB357 /* siren_algorithm.h in Headers */ = {isa = PBXBuildFile; fileRef = 5B3F591C1FEEAC0500FDB357 /* siren_algorithm.h */; };
		5B3F591F1FEEAC0500FDB357 /* siren_algorithm.cpp in Sources */ = {isa = PBXBuildFile; fileRef = 5B3F591D1FEEAC0500FDB357 /* siren_algorithm.cpp */; };
		5B3F59531FEEAC7200FDB357 /* utils.h in Headers */ = {isa = PBXBuildFile; fileRef = 5B3F59201FEEAC7100FDB357 /* utils.h */; };
		5B3F59541FEEAC7200FDB357 /* bf.cpp in Sources */ = {isa = PBXBuildFile; fileRef = 5B3F59221FEEAC7100FDB357 /* bf.cpp */; };
		5B3F59551FEEAC7200FDB357 /* bf.h in Headers */ = {isa = PBXBuildFile; fileRef = 5B3F59241FEEAC7100FDB357 /* bf.h */; };
		5B3F59561FEEAC7200FDB357 /* aec.h in Headers */ = {isa = PBXBuildFile; fileRef = 5B3F59271FEEAC7100FDB357 /* aec.h */; };
		5B3F59571FEEAC7200FDB357 /* aec.cpp in Sources */ = {isa = PBXBuildFile; fileRef = 5B3F59281FEEAC7100FDB357 /* aec.cpp */; };
		5B3F59581FEEAC7200FDB357 /* audio_recorder.cpp in Sources */ = {isa = PBXBuildFile; fileRef = 5B3F59291FEEAC7100FDB357 /* audio_recorder.cpp */; };
		5B3F59591FEEAC7200FDB357 /* vt.cpp in Sources */ = {isa = PBXBuildFile; fileRef = 5B3F592B1FEEAC7100FDB357 /* vt.cpp */; };
		5B3F595A1FEEAC7200FDB357 /* vt.h in Headers */ = {isa = PBXBuildFile; fileRef = 5B3F592D1FEEAC7100FDB357 /* vt.h */; };
		5B3F595B1FEEAC7200FDB357 /* audio_format.h in Headers */ = {isa = PBXBuildFile; fileRef = 5B3F592F1FEEAC7100FDB357 /* audio_format.h */; };
		5B3F595C1FEEAC7200FDB357 /* cpu_relax.h in Headers */ = {isa = PBXBuildFile; fileRef = 5B3F59301FEEAC7100FDB357 /* cpu_relax.h */; };
		5B3F595D1FEEAC7200FDB357 /* audio_converter.cpp in Sources */ = {isa = PBXBuildFile; fileRef = 5B3F59311FEEAC7100FDB357 /* audio_converter.cpp */; };
		5B3F595E1FEEAC7200FDB357 /* cod.h in Headers */ = {isa = PBXBuildFile; fileRef = 5B3F59341FEEAC7100FDB357 /* cod.h */; };
		5B3F595F1FEEAC7200FDB357 /* cod.cpp in Sources */ = {isa = PBXBuildFile; fileRef = 5B3F59351FEEAC7100FDB357 /* cod.cpp */; };
		5B3F59601FEEAC7200FDB357 /* agc.cpp in Sources */ = {isa = PBXBuildFile; fileRef = 5B3F59371FEEAC7100FDB357 /* agc.cpp */; };
		5B3F59611FEEAC7200FDB357 /* agc.h in Headers */ = {isa = PBXBuildFile; fileRef = 5B3F59391FEEAC7100FDB357 /* agc.h */; };
		5B3F59621FEEAC7200FDB357 /* audio_converter.h in Headers */ = {isa = PBXBuildFile; fileRef = 5B3F593A1FEEAC7100FDB357 /* audio_converter.h */; };
		5B3F59631FEEAC7200FDB357 /* audio_recorder.h in Headers */ = {isa = PBXBuildFile; fileRef = 5B3F593B1FEEAC7100FDB357 /* audio_recorder.h */; };
		5B3F59641FEEAC7200FDB357 /* log.h in Headers */ = {isa = PBXBuildFile; fileRef = 5B3F593C1FEEAC7100FDB357 /* log.h */; };
		5B3F59651FEEAC7200FDB357 /* buf_manager.h in Headers */ = {isa = PBXBuildFile; fileRef = 5B3F593D1FEEAC7100FDB357 /* buf_manager.h */; };
		5B3F59661FEEAC7200FDB357 /* rdc.cpp in Sources */ = {isa = PBXBuildFile; fileRef = 5B3F593F1FEEAC7200FDB357 /* rdc.cpp */; };
		5B3F59671FEEAC7200FDB357 /* rdc.h in Headers */ = {isa = PBXBuildFile; fileRef = 5B3F59411FEEAC7200FDB357 /* rdc.h */; };
		5B3F59681FEEAC7200FDB357 /* vad.h in Headers */ = {isa = PBXBuildFile; fileRef = 5B3F59441FEEAC7200FDB357 /* vad.h */; };
		5B3F59691FEEAC7200FDB357 /* vad.cpp in Sources */ = {isa = PBXBuildFile; fileRef = 5B3F59451FEEAC7200FDB357 /* vad.cpp */; };
		5B3F596A1FEEAC7200FDB357 /* audio_wrapper.h in Headers */ = {isa = PBXBuildFile; fileRef = 5B3F59461FEEAC7200FDB357 /* audio_wrapper.h */; };
		5B3F596B1FEEAC7200FDB357 /* fa_fir.h in Headers */ = {isa = PBXBuildFile; fileRef = 5B3F59481FEEAC7200FDB357 /* fa_fir.h */; };
		5B3F596C1FEEAC7200FDB357 /* rs.h in Headers */ = {isa = PBXBuildFile; fileRef = 5B3F594A1FEEAC7200FDB357 /* rs.h */; };
		5B3F596D1FEEAC7200FDB357 /* fa_fir.cpp in Sources */ = {isa = PBXBuildFile; fileRef = 5B3F594B1FEEAC7200FDB357 /* fa_fir.cpp */; };
		5B3F596E1FEEAC7200FDB357 /* rs.cpp in Sources */ = {isa = PBXBuildFile; fileRef = 5B3F594C1FEEAC7200FDB357 /* rs.cpp */; };
		5B3F596F1FEEAC7200FDB357 /* fa_resample.cpp in Sources */ = {isa = PBXBuildFile; fileRef = 5B3F594D1FEEAC7200FDB357 /* fa_resample.cpp */; };
		5B3F59701FEEAC7200FDB357 /* fa_resample.h in Headers */ = {isa = PBXBuildFile; fileRef = 5B3F594E1FEEAC7200FDB357 /* fa_resample.h */; };
		5B3F59711FEEAC7200FDB357 /* vbv.cpp in Sources */ = {isa = PBXBuildFile; fileRef = 5B3F59501FEEAC7200FDB357 /* vbv.cpp */; };
		5B3F59721FEEAC7200FDB357 /* vbv.h in Headers */ = {isa = PBXBuildFile; fileRef = 5B3F59521FEEAC7200FDB357 /* vbv.h */; };
		5B3F59961FEEAC9E00FDB357 /* tts.h in Headers */ = {isa = PBXBuildFile; fileRef = 5B3F59751FEEAC9E00FDB357 /* tts.h */; };
		5B3F59971FEEAC9E00FDB357 /* speech_types.h in Headers */ = {isa = PBXBuildFile; fileRef = 5B3F59761FEEAC9E00FDB357 /* speech_types.h */; };
		5B3F59981FEEAC9E00FDB357 /* speech.h in Headers */ = {isa = PBXBuildFile; fileRef = 5B3F59771FEEAC9E00FDB357 /* speech.h */; };
		5B3F59991FEEAC9E00FDB357 /* speech.pb.h in Headers */ = {isa = PBXBuildFile; fileRef = 5B3F59791FEEAC9E00FDB357 /* speech.pb.h */; };
		5B3F599A1FEEAC9E00FDB357 /* speech_types.pb.cc in Sources */ = {isa = PBXBuildFile; fileRef = 5B3F597A1FEEAC9E00FDB357 /* speech_types.pb.cc */; };
		5B3F599B1FEEAC9E00FDB357 /* auth.pb.cc in Sources */ = {isa = PBXBuildFile; fileRef = 5B3F597B1FEEAC9E00FDB357 /* auth.pb.cc */; };
		5B3F599C1FEEAC9E00FDB357 /* tts.pb.h in Headers */ = {isa = PBXBuildFile; fileRef = 5B3F597C1FEEAC9E00FDB357 /* tts.pb.h */; };
		5B3F599D1FEEAC9E00FDB357 /* speech.pb.cc in Sources */ = {isa = PBXBuildFile; fileRef = 5B3F597D1FEEAC9E00FDB357 /* speech.pb.cc */; };
		5B3F599E1FEEAC9E00FDB357 /* tts.pb.cc in Sources */ = {isa = PBXBuildFile; fileRef = 5B3F597F1FEEAC9E00FDB357 /* tts.pb.cc */; };
		5B3F599F1FEEAC9E00FDB357 /* auth.pb.h in Headers */ = {isa = PBXBuildFile; fileRef = 5B3F59801FEEAC9E00FDB357 /* auth.pb.h */; };
		5B3F59A01FEEAC9E00FDB357 /* speech_types.pb.h in Headers */ = {isa = PBXBuildFile; fileRef = 5B3F59841FEEAC9E00FDB357 /* speech_types.pb.h */; };
		5B3F59A11FEEAC9E00FDB357 /* types.h in Headers */ = {isa = PBXBuildFile; fileRef = 5B3F59881FEEAC9E00FDB357 /* types.h */; };
		5B3F59A21FEEAC9E00FDB357 /* speech_impl.h in Headers */ = {isa = PBXBuildFile; fileRef = 5B3F59891FEEAC9E00FDB357 /* speech_impl.h */; };
		5B3F59A31FEEAC9E00FDB357 /* speech_impl.cc in Sources */ = {isa = PBXBuildFile; fileRef = 5B3F598A1FEEAC9E00FDB357 /* speech_impl.cc */; };
		5B3F59A41FEEAC9E00FDB357 /* pending_queue.h in Headers */ = {isa = PBXBuildFile; fileRef = 5B3F598C1FEEAC9E00FDB357 /* pending_queue.h */; };
		5B3F59A51FEEAC9E00FDB357 /* speech_connection.cc in Sources */ = {isa = PBXBuildFile; fileRef = 5B3F598D1FEEAC9E00FDB357 /* speech_connection.cc */; };
		5B3F59A61FEEAC9E00FDB357 /* log.h in Headers */ = {isa = PBXBuildFile; fileRef = 5B3F598E1FEEAC9E00FDB357 /* log.h */; };
		5B3F59A71FEEAC9E00FDB357 /* op_ctl.h in Headers */ = {isa = PBXBuildFile; fileRef = 5B3F598F1FEEAC9E00FDB357 /* op_ctl.h */; };
		5B3F59A81FEEAC9E00FDB357 /* speech_connection.h in Headers */ = {isa = PBXBuildFile; fileRef = 5B3F59901FEEAC9E00FDB357 /* speech_connection.h */; };
		5B3F59A91FEEAC9E00FDB357 /* log.cc in Sources */ = {isa = PBXBuildFile; fileRef = 5B3F59911FEEAC9E00FDB357 /* log.cc */; };
		5B3F59AA1FEEAC9E00FDB357 /* types.h in Headers */ = {isa = PBXBuildFile; fileRef = 5B3F59931FEEAC9E00FDB357 /* types.h */; };
		5B3F59AB1FEEAC9E00FDB357 /* tts_impl.h in Headers */ = {isa = PBXBuildFile; fileRef = 5B3F59941FEEAC9E00FDB357 /* tts_impl.h */; };
		5B3F59AC1FEEAC9E00FDB357 /* tts_impl.cc in Sources */ = {isa = PBXBuildFile; fileRef = 5B3F59951FEEAC9E00FDB357 /* tts_impl.cc */; };
		5B3F59BA1FEEAD8700FDB357 /* libmkl_core.a in Frameworks */ = {isa = PBXBuildFile; fileRef = 5B3F59B11FEEACF300FDB357 /* libmkl_core.a */; };
		5B3F59BB1FEEAD8700FDB357 /* libmkl_intel_lp64.a in Frameworks */ = {isa = PBXBuildFile; fileRef = 5B3F59B41FEEACF300FDB357 /* libmkl_intel_lp64.a */; };
		5B3F59BC1FEEAD8700FDB357 /* libmkl_sequential.a in Frameworks */ = {isa = PBXBuildFile; fileRef = 5B3F59B31FEEACF300FDB357 /* libmkl_sequential.a */; };
		5B3F59BD1FEEAD8700FDB357 /* libr2ssp.a in Frameworks */ = {isa = PBXBuildFile; fileRef = 5B3F59B21FEEACF300FDB357 /* libr2ssp.a */; };
		5B3F59BE1FEEAD8700FDB357 /* libztvad.a in Frameworks */ = {isa = PBXBuildFile; fileRef = 5B3F59B01FEEACF300FDB357 /* libztvad.a */; };
/* End PBXBuildFile section */

/* Begin PBXCopyFilesBuildPhase section */
		5B3F58B61FEEA9C700FDB357 /* CopyFiles */ = {
			isa = PBXCopyFilesBuildPhase;
			buildActionMask = 2147483647;
			dstPath = /usr/share/man/man1/;
			dstSubfolderSpec = 0;
			files = (
			);
			runOnlyForDeploymentPostprocessing = 1;
		};
/* End PBXCopyFilesBuildPhase section */

/* Begin PBXFileReference section */
		5B3172CE1FF7F4CE00BCDC7B /* zvad.cpp */ = {isa = PBXFileReference; fileEncoding = 4; lastKnownFileType = sourcecode.cpp.cpp; path = zvad.cpp; sourceTree = "<group>"; };
		5B3172CF1FF7F4CE00BCDC7B /* zvad.h */ = {isa = PBXFileReference; fileEncoding = 4; lastKnownFileType = sourcecode.c.h; path = zvad.h; sourceTree = "<group>"; };
		5B3172D01FF7F4CE00BCDC7B /* zbf.h */ = {isa = PBXFileReference; fileEncoding = 4; lastKnownFileType = sourcecode.c.h; path = zbf.h; sourceTree = "<group>"; };
		5B3172D11FF7F4CF00BCDC7B /* zbf.cpp */ = {isa = PBXFileReference; fileEncoding = 4; lastKnownFileType = sourcecode.cpp.cpp; path = zbf.cpp; sourceTree = "<group>"; };
		5B3172D41FFA9FF600BCDC7B /* zvtapi.cpp */ = {isa = PBXFileReference; fileEncoding = 4; lastKnownFileType = sourcecode.cpp.cpp; path = zvtapi.cpp; sourceTree = "<group>"; };
		5B3172D51FFA9FF600BCDC7B /* zvtmem.h */ = {isa = PBXFileReference; fileEncoding = 4; lastKnownFileType = sourcecode.c.h; path = zvtmem.h; sourceTree = "<group>"; };
		5B3172D61FFA9FF600BCDC7B /* zvtsto.h */ = {isa = PBXFileReference; fileEncoding = 4; lastKnownFileType = sourcecode.c.h; path = zvtsto.h; sourceTree = "<group>"; };
		5B3172D71FFA9FF600BCDC7B /* zvtapi.h */ = {isa = PBXFileReference; fileEncoding = 4; lastKnownFileType = sourcecode.c.h; path = zvtapi.h; sourceTree = "<group>"; };
		5B3172D81FFA9FF600BCDC7B /* zvtmem.cpp */ = {isa = PBXFileReference; fileEncoding = 4; lastKnownFileType = sourcecode.cpp.cpp; path = zvtmem.cpp; sourceTree = "<group>"; };
		5B3172D91FFA9FF600BCDC7B /* zvtsto.cpp */ = {isa = PBXFileReference; fileEncoding = 4; lastKnownFileType = sourcecode.cpp.cpp; path = zvtsto.cpp; sourceTree = "<group>"; };
		5B3172DB1FFA9FF600BCDC7B /* zvtdet.cpp */ = {isa = PBXFileReference; fileEncoding = 4; lastKnownFileType = sourcecode.cpp.cpp; path = zvtdet.cpp; sourceTree = "<group>"; };
		5B3172DC1FFA9FF600BCDC7B /* zvtdet.h */ = {isa = PBXFileReference; fileEncoding = 4; lastKnownFileType = sourcecode.c.h; path = zvtdet.h; sourceTree = "<group>"; };
		5B3172DD1FFA9FF600BCDC7B /* zphosto.h */ = {isa = PBXFileReference; fileEncoding = 4; lastKnownFileType = sourcecode.c.h; path = zphosto.h; sourceTree = "<group>"; };
		5B3172DE1FFA9FF600BCDC7B /* zsildet3.h */ = {isa = PBXFileReference; fileEncoding = 4; lastKnownFileType = sourcecode.c.h; path = zsildet3.h; sourceTree = "<group>"; };
		5B3172DF1FFA9FF600BCDC7B /* zphosto.cpp */ = {isa = PBXFileReference; fileEncoding = 4; lastKnownFileType = sourcecode.cpp.cpp; path = zphosto.cpp; sourceTree = "<group>"; };
		5B3172E01FFA9FF600BCDC7B /* zsildet3.cpp */ = {isa = PBXFileReference; fileEncoding = 4; lastKnownFileType = sourcecode.cpp.cpp; path = zsildet3.cpp; sourceTree = "<group>"; };
		5B3908F31FEFDDCF0051824E /* NNVadIntf.h */ = {isa = PBXFileReference; fileEncoding = 4; lastKnownFileType = sourcecode.c.h; path = NNVadIntf.h; sourceTree = "<group>"; };
		5B390C261FF2AB100051824E /* zcomp_affine.h */ = {isa = PBXFileReference; fileEncoding = 4; lastKnownFileType = sourcecode.c.h; path = zcomp_affine.h; sourceTree = "<group>"; };
		5B390C271FF2AB100051824E /* zcomp.cpp */ = {isa = PBXFileReference; fileEncoding = 4; lastKnownFileType = sourcecode.cpp.cpp; path = zcomp.cpp; sourceTree = "<group>"; };
		5B390C281FF2AB100051824E /* zcomp.h */ = {isa = PBXFileReference; fileEncoding = 4; lastKnownFileType = sourcecode.c.h; path = zcomp.h; sourceTree = "<group>"; };
		5B390C291FF2AB100051824E /* zcomp_linear.cpp */ = {isa = PBXFileReference; fileEncoding = 4; lastKnownFileType = sourcecode.cpp.cpp; path = zcomp_linear.cpp; sourceTree = "<group>"; };
		5B390C2A1FF2AB100051824E /* znnet.cpp */ = {isa = PBXFileReference; fileEncoding = 4; lastKnownFileType = sourcecode.cpp.cpp; path = znnet.cpp; sourceTree = "<group>"; };
		5B390C2B1FF2AB100051824E /* zcomp_activation.h */ = {isa = PBXFileReference; fileEncoding = 4; lastKnownFileType = sourcecode.c.h; path = zcomp_activation.h; sourceTree = "<group>"; };
		5B390C2C1FF2AB100051824E /* zcomp_activation.cpp */ = {isa = PBXFileReference; fileEncoding = 4; lastKnownFileType = sourcecode.cpp.cpp; path = zcomp_activation.cpp; sourceTree = "<group>"; };
		5B390C2D1FF2AB100051824E /* znnet.h */ = {isa = PBXFileReference; fileEncoding = 4; lastKnownFileType = sourcecode.c.h; path = znnet.h; sourceTree = "<group>"; };
		5B390C2E1FF2AB100051824E /* zcomp_affine.cpp */ = {isa = PBXFileReference; fileEncoding = 4; lastKnownFileType = sourcecode.cpp.cpp; path = zcomp_affine.cpp; sourceTree = "<group>"; };
		5B390C2F1FF2AB100051824E /* zcomp_lstm_cell.cpp */ = {isa = PBXFileReference; fileEncoding = 4; lastKnownFileType = sourcecode.cpp.cpp; path = zcomp_lstm_cell.cpp; sourceTree = "<group>"; };
		5B390C301FF2AB100051824E /* zcomp_linear.h */ = {isa = PBXFileReference; fileEncoding = 4; lastKnownFileType = sourcecode.c.h; path = zcomp_linear.h; sourceTree = "<group>"; };
		5B390C311FF2AB100051824E /* zcomp_lstm_cell.h */ = {isa = PBXFileReference; fileEncoding = 4; lastKnownFileType = sourcecode.c.h; path = zcomp_lstm_cell.h; sourceTree = "<group>"; };
		5B390C321FF2AB100051824E /* zcomp_lstm.cpp */ = {isa = PBXFileReference; fileEncoding = 4; lastKnownFileType = sourcecode.cpp.cpp; path = zcomp_lstm.cpp; sourceTree = "<group>"; };
		5B390C331FF2AB100051824E /* zcomp_lstm.h */ = {isa = PBXFileReference; fileEncoding = 4; lastKnownFileType = sourcecode.c.h; path = zcomp_lstm.h; sourceTree = "<group>"; };
		5B390C341FF2AB100051824E /* zmacro.h */ = {isa = PBXFileReference; fileEncoding = 4; lastKnownFileType = sourcecode.c.h; name = zmacro.h; path = ../../../external/r2slv4/r2vt4/src/zmacro.h; sourceTree = "<group>"; };
		5B390C411FF2AB100051824E /* zslapi.h */ = {isa = PBXFileReference; fileEncoding = 4; lastKnownFileType = sourcecode.c.h; path = zslapi.h; sourceTree = "<group>"; };
		5B390C421FF2AB100051824E /* spline.h */ = {isa = PBXFileReference; fileEncoding = 4; lastKnownFileType = sourcecode.c.h; path = spline.h; sourceTree = "<group>"; };
		5B390C431FF2AB100051824E /* zslmem.h */ = {isa = PBXFileReference; fileEncoding = 4; lastKnownFileType = sourcecode.c.h; path = zslmem.h; sourceTree = "<group>"; };
		5B390C441FF2AB100051824E /* zslapi.cpp */ = {isa = PBXFileReference; fileEncoding = 4; lastKnownFileType = sourcecode.cpp.cpp; path = zslapi.cpp; sourceTree = "<group>"; };
		5B390C451FF2AB100051824E /* zslmem.cpp */ = {isa = PBXFileReference; fileEncoding = 4; lastKnownFileType = sourcecode.cpp.cpp; path = zslmem.cpp; sourceTree = "<group>"; };
		5B390C461FF2AB100051824E /* spline.cpp */ = {isa = PBXFileReference; fileEncoding = 4; lastKnownFileType = sourcecode.cpp.cpp; path = spline.cpp; sourceTree = "<group>"; };
		5B390C4A1FF2AB100051824E /* zutil.cpp */ = {isa = PBXFileReference; fileEncoding = 4; lastKnownFileType = sourcecode.cpp.cpp; name = zutil.cpp; path = ../../../external/r2slv4/r2vt4/src/zutil.cpp; sourceTree = "<group>"; };
		5B390C4C1FF2AB100051824E /* zmat_neon.cpp */ = {isa = PBXFileReference; fileEncoding = 4; lastKnownFileType = sourcecode.cpp.cpp; path = zmat_neon.cpp; sourceTree = "<group>"; };
		5B390C4D1FF2AB100051824E /* zmat.h */ = {isa = PBXFileReference; fileEncoding = 4; lastKnownFileType = sourcecode.c.h; path = zmat.h; sourceTree = "<group>"; };
		5B390C4E1FF2AB100051824E /* zvec.h */ = {isa = PBXFileReference; fileEncoding = 4; lastKnownFileType = sourcecode.c.h; path = zvec.h; sourceTree = "<group>"; };
		5B390C4F1FF2AB100051824E /* zcmat.cpp */ = {isa = PBXFileReference; fileEncoding = 4; lastKnownFileType = sourcecode.cpp.cpp; path = zcmat.cpp; sourceTree = "<group>"; };
		5B390C501FF2AB100051824E /* zvec.cpp */ = {isa = PBXFileReference; fileEncoding = 4; lastKnownFileType = sourcecode.cpp.cpp; path = zvec.cpp; sourceTree = "<group>"; };
		5B390C511FF2AB100051824E /* zcmat.h */ = {isa = PBXFileReference; fileEncoding = 4; lastKnownFileType = sourcecode.c.h; path = zcmat.h; sourceTree = "<group>"; };
		5B390C521FF2AB100051824E /* zmat_neon.h */ = {isa = PBXFileReference; fileEncoding = 4; lastKnownFileType = sourcecode.c.h; path = zmat_neon.h; sourceTree = "<group>"; };
		5B390C531FF2AB100051824E /* zmat.cpp */ = {isa = PBXFileReference; fileEncoding = 4; lastKnownFileType = sourcecode.cpp.cpp; path = zmat.cpp; sourceTree = "<group>"; };
		5B390C631FF2AB100051824E /* zcfmem.cpp */ = {isa = PBXFileReference; fileEncoding = 4; lastKnownFileType = sourcecode.cpp.cpp; path = zcfmem.cpp; sourceTree = "<group>"; };
		5B390C641FF2AB100051824E /* zcfmem.h */ = {isa = PBXFileReference; fileEncoding = 4; lastKnownFileType = sourcecode.c.h; path = zcfmem.h; sourceTree = "<group>"; };
		5B390C651FF2AB100051824E /* zcfapi.h */ = {isa = PBXFileReference; fileEncoding = 4; lastKnownFileType = sourcecode.c.h; path = zcfapi.h; sourceTree = "<group>"; };
		5B390C661FF2AB100051824E /* zcfapi.cpp */ = {isa = PBXFileReference; fileEncoding = 4; lastKnownFileType = sourcecode.cpp.cpp; path = zcfapi.cpp; sourceTree = "<group>"; };
		5B390C671FF2AB100051824E /* zutil.h */ = {isa = PBXFileReference; fileEncoding = 4; lastKnownFileType = sourcecode.c.h; name = zutil.h; path = ../../../external/r2slv4/r2vt4/src/zutil.h; sourceTree = "<group>"; };
		5B390C6C1FF2AB100051824E /* zfftr2r.h */ = {isa = PBXFileReference; fileEncoding = 4; lastKnownFileType = sourcecode.c.h; path = zfftr2r.h; sourceTree = "<group>"; };
		5B390C6D1FF2AB100051824E /* zfftr2c.h */ = {isa = PBXFileReference; fileEncoding = 4; lastKnownFileType = sourcecode.c.h; path = zfftr2c.h; sourceTree = "<group>"; };
		5B390C6E1FF2AB100051824E /* zfftr2r.cpp */ = {isa = PBXFileReference; fileEncoding = 4; lastKnownFileType = sourcecode.cpp.cpp; path = zfftr2r.cpp; sourceTree = "<group>"; };
		5B390C6F1FF2AB100051824E /* zfftr2c.cpp */ = {isa = PBXFileReference; fileEncoding = 4; lastKnownFileType = sourcecode.cpp.cpp; path = zfftr2c.cpp; sourceTree = "<group>"; };
		5B390C711FF2AB100051824E /* zoutput.h */ = {isa = PBXFileReference; fileEncoding = 4; lastKnownFileType = sourcecode.c.h; path = zoutput.h; sourceTree = "<group>"; };
		5B390C721FF2AB100051824E /* zoutput.cpp */ = {isa = PBXFileReference; fileEncoding = 4; lastKnownFileType = sourcecode.cpp.cpp; path = zoutput.cpp; sourceTree = "<group>"; };
		5B390C731FF2AB100051824E /* zinput.h */ = {isa = PBXFileReference; fileEncoding = 4; lastKnownFileType = sourcecode.c.h; path = zinput.h; sourceTree = "<group>"; };
		5B390C741FF2AB100051824E /* zinput.cpp */ = {isa = PBXFileReference; fileEncoding = 4; lastKnownFileType = sourcecode.cpp.cpp; path = zinput.cpp; sourceTree = "<group>"; };
		5B390C761FF2AB100051824E /* zvbvmem.h */ = {isa = PBXFileReference; fileEncoding = 4; lastKnownFileType = sourcecode.c.h; path = zvbvmem.h; sourceTree = "<group>"; };
		5B390C771FF2AB100051824E /* zvbvmem.cpp */ = {isa = PBXFileReference; fileEncoding = 4; lastKnownFileType = sourcecode.cpp.cpp; path = zvbvmem.cpp; sourceTree = "<group>"; };
		5B390C781FF2AB100051824E /* zvbvapi.h */ = {isa = PBXFileReference; fileEncoding = 4; lastKnownFileType = sourcecode.c.h; path = zvbvapi.h; sourceTree = "<group>"; };
		5B390C7A1FF2AB100051824E /* zns.h */ = {isa = PBXFileReference; fileEncoding = 4; lastKnownFileType = sourcecode.c.h; path = zns.h; sourceTree = "<group>"; };
		5B390C7B1FF2AB100051824E /* zvt.h */ = {isa = PBXFileReference; fileEncoding = 4; lastKnownFileType = sourcecode.c.h; path = zvt.h; sourceTree = "<group>"; };
		5B390C7C1FF2AB100051824E /* zsl.h */ = {isa = PBXFileReference; fileEncoding = 4; lastKnownFileType = sourcecode.c.h; path = zsl.h; sourceTree = "<group>"; };
		5B390C7F1FF2AB100051824E /* zvt.cpp */ = {isa = PBXFileReference; fileEncoding = 4; lastKnownFileType = sourcecode.cpp.cpp; path = zvt.cpp; sourceTree = "<group>"; };
		5B390C801FF2AB100051824E /* zns.cpp */ = {isa = PBXFileReference; fileEncoding = 4; lastKnownFileType = sourcecode.cpp.cpp; path = zns.cpp; sourceTree = "<group>"; };
		5B390C811FF2AB100051824E /* zdirty.cpp */ = {isa = PBXFileReference; fileEncoding = 4; lastKnownFileType = sourcecode.cpp.cpp; path = zdirty.cpp; sourceTree = "<group>"; };
		5B390C821FF2AB100051824E /* zdirty.h */ = {isa = PBXFileReference; fileEncoding = 4; lastKnownFileType = sourcecode.c.h; path = zdirty.h; sourceTree = "<group>"; };
		5B390C831FF2AB100051824E /* zsl.cpp */ = {isa = PBXFileReference; fileEncoding = 4; lastKnownFileType = sourcecode.cpp.cpp; path = zsl.cpp; sourceTree = "<group>"; };
		5B390C861FF2AB100051824E /* zvbvapi.cpp */ = {isa = PBXFileReference; fileEncoding = 4; lastKnownFileType = sourcecode.cpp.cpp; path = zvbvapi.cpp; sourceTree = "<group>"; };
		5B390C871FF2AB100051824E /* zmath.h */ = {isa = PBXFileReference; fileEncoding = 4; lastKnownFileType = sourcecode.c.h; name = zmath.h; path = ../../../external/r2slv4/r2vt4/src/zmath.h; sourceTree = "<group>"; };
		5B390C891FF2AB100051824E /* zfea2.cpp */ = {isa = PBXFileReference; fileEncoding = 4; lastKnownFileType = sourcecode.cpp.cpp; path = zfea2.cpp; sourceTree = "<group>"; };
		5B390C8A1FF2AB100051824E /* zfea1.cpp */ = {isa = PBXFileReference; fileEncoding = 4; lastKnownFileType = sourcecode.cpp.cpp; path = zfea1.cpp; sourceTree = "<group>"; };
		5B390C8B1FF2AB100051824E /* zfilter.cpp */ = {isa = PBXFileReference; fileEncoding = 4; lastKnownFileType = sourcecode.cpp.cpp; path = zfilter.cpp; sourceTree = "<group>"; };
		5B390C8C1FF2AB100051824E /* zfilter.h */ = {isa = PBXFileReference; fileEncoding = 4; lastKnownFileType = sourcecode.c.h; path = zfilter.h; sourceTree = "<group>"; };
		5B390C8D1FF2AB100051824E /* zfea1.h */ = {isa = PBXFileReference; fileEncoding = 4; lastKnownFileType = sourcecode.c.h; path = zfea1.h; sourceTree = "<group>"; };
		5B390C8E1FF2AB100051824E /* zfea2.h */ = {isa = PBXFileReference; fileEncoding = 4; lastKnownFileType = sourcecode.c.h; path = zfea2.h; sourceTree = "<group>"; };
		5B390C901FF2AB110051824E /* zbuff.h */ = {isa = PBXFileReference; fileEncoding = 4; lastKnownFileType = sourcecode.c.h; path = zbuff.h; sourceTree = "<group>"; };
		5B390C911FF2AB110051824E /* zbuff.cpp */ = {isa = PBXFileReference; fileEncoding = 4; lastKnownFileType = sourcecode.cpp.cpp; path = zbuff.cpp; sourceTree = "<group>"; };
		5B390CC11FF2ABB40051824E /* zaudapi.cpp */ = {isa = PBXFileReference; fileEncoding = 4; lastKnownFileType = sourcecode.cpp.cpp; path = zaudapi.cpp; sourceTree = "<group>"; };
		5B390CC21FF2ABB40051824E /* zaudapi.h */ = {isa = PBXFileReference; fileEncoding = 4; lastKnownFileType = sourcecode.c.h; path = zaudapi.h; sourceTree = "<group>"; };
		5B390CC41FF2ABB40051824E /* zrsmem2.cpp */ = {isa = PBXFileReference; fileEncoding = 4; lastKnownFileType = sourcecode.cpp.cpp; path = zrsmem2.cpp; sourceTree = "<group>"; };
		5B390CC51FF2ABB40051824E /* zrsapi.h */ = {isa = PBXFileReference; fileEncoding = 4; lastKnownFileType = sourcecode.c.h; path = zrsapi.h; sourceTree = "<group>"; };
		5B390CC61FF2ABB40051824E /* fa_fir.h */ = {isa = PBXFileReference; fileEncoding = 4; lastKnownFileType = sourcecode.c.h; path = fa_fir.h; sourceTree = "<group>"; };
		5B390CC71FF2ABB40051824E /* fa_fir.cpp */ = {isa = PBXFileReference; fileEncoding = 4; lastKnownFileType = sourcecode.cpp.cpp; path = fa_fir.cpp; sourceTree = "<group>"; };
		5B390CC81FF2ABB40051824E /* zrssto.cpp */ = {isa = PBXFileReference; fileEncoding = 4; lastKnownFileType = sourcecode.cpp.cpp; path = zrssto.cpp; sourceTree = "<group>"; };
		5B390CC91FF2ABB40051824E /* zrsapi.cpp */ = {isa = PBXFileReference; fileEncoding = 4; lastKnownFileType = sourcecode.cpp.cpp; path = zrsapi.cpp; sourceTree = "<group>"; };
		5B390CCA1FF2ABB40051824E /* fa_resample.cpp */ = {isa = PBXFileReference; fileEncoding = 4; lastKnownFileType = sourcecode.cpp.cpp; path = fa_resample.cpp; sourceTree = "<group>"; };
		5B390CCB1FF2ABB40051824E /* zrssto.h */ = {isa = PBXFileReference; fileEncoding = 4; lastKnownFileType = sourcecode.c.h; path = zrssto.h; sourceTree = "<group>"; };
		5B390CCC1FF2ABB40051824E /* zrsmem2.h */ = {isa = PBXFileReference; fileEncoding = 4; lastKnownFileType = sourcecode.c.h; path = zrsmem2.h; sourceTree = "<group>"; };
		5B390CCD1FF2ABB40051824E /* fa_resample.h */ = {isa = PBXFileReference; fileEncoding = 4; lastKnownFileType = sourcecode.c.h; path = fa_resample.h; sourceTree = "<group>"; };
		5B3F58B81FEEA9C700FDB357 /* vsys */ = {isa = PBXFileReference; explicitFileType = "compiled.mach-o.executable"; includeInIndex = 0; path = vsys; sourceTree = BUILT_PRODUCTS_DIR; };
		5B3F58BB1FEEA9C700FDB357 /* main.cpp */ = {isa = PBXFileReference; lastKnownFileType = sourcecode.cpp.cpp; path = main.cpp; sourceTree = "<group>"; };
		5B3F58C61FEEA9E400FDB357 /* libblacksiren.a */ = {isa = PBXFileReference; explicitFileType = archive.ar; includeInIndex = 0; path = libblacksiren.a; sourceTree = BUILT_PRODUCTS_DIR; };
		5B3F58D51FEEA9F300FDB357 /* libcommon_audio.a */ = {isa = PBXFileReference; explicitFileType = archive.ar; includeInIndex = 0; path = libcommon_audio.a; sourceTree = BUILT_PRODUCTS_DIR; };
		5B3F58E41FEEAA0200FDB357 /* libmodules.a */ = {isa = PBXFileReference; explicitFileType = archive.ar; includeInIndex = 0; path = libmodules.a; sourceTree = BUILT_PRODUCTS_DIR; };
		5B3F58F31FEEAA0D00FDB357 /* libspeech.a */ = {isa = PBXFileReference; explicitFileType = archive.ar; includeInIndex = 0; path = libspeech.a; sourceTree = BUILT_PRODUCTS_DIR; };
		5B3F59021FEEAA1800FDB357 /* libthirdlib.a */ = {isa = PBXFileReference; explicitFileType = archive.ar; includeInIndex = 0; path = libthirdlib.a; sourceTree = BUILT_PRODUCTS_DIR; };
		5B3F59101FEEAA6D00FDB357 /* siren.h */ = {isa = PBXFileReference; fileEncoding = 4; lastKnownFileType = sourcecode.c.h; path = siren.h; sourceTree = "<group>"; };
		5B3F59111FEEAA6D00FDB357 /* siren_types.h */ = {isa = PBXFileReference; fileEncoding = 4; lastKnownFileType = sourcecode.c.h; path = siren_types.h; sourceTree = "<group>"; };
		5B3F59141FEEAAD600FDB357 /* siren_impl.cpp */ = {isa = PBXFileReference; fileEncoding = 4; lastKnownFileType = sourcecode.cpp.cpp; path = siren_impl.cpp; sourceTree = "<group>"; };
		5B3F59151FEEAAD600FDB357 /* siren.cpp */ = {isa = PBXFileReference; fileEncoding = 4; lastKnownFileType = sourcecode.cpp.cpp; path = siren.cpp; sourceTree = "<group>"; };
		5B3F59161FEEAAD600FDB357 /* siren_impl.h */ = {isa = PBXFileReference; fileEncoding = 4; lastKnownFileType = sourcecode.c.h; path = siren_impl.h; sourceTree = "<group>"; };
		5B3F59171FEEAAD600FDB357 /* siren_config.h */ = {isa = PBXFileReference; fileEncoding = 4; lastKnownFileType = sourcecode.c.h; path = siren_config.h; sourceTree = "<group>"; };
		5B3F591C1FEEAC0500FDB357 /* siren_algorithm.h */ = {isa = PBXFileReference; fileEncoding = 4; lastKnownFileType = sourcecode.c.h; path = siren_algorithm.h; sourceTree = "<group>"; };
		5B3F591D1FEEAC0500FDB357 /* siren_algorithm.cpp */ = {isa = PBXFileReference; fileEncoding = 4; lastKnownFileType = sourcecode.cpp.cpp; path = siren_algorithm.cpp; sourceTree = "<group>"; };
		5B3F59201FEEAC7100FDB357 /* utils.h */ = {isa = PBXFileReference; fileEncoding = 4; lastKnownFileType = sourcecode.c.h; path = utils.h; sourceTree = "<group>"; };
		5B3F59221FEEAC7100FDB357 /* bf.cpp */ = {isa = PBXFileReference; fileEncoding = 4; lastKnownFileType = sourcecode.cpp.cpp; path = bf.cpp; sourceTree = "<group>"; };
		5B3F59241FEEAC7100FDB357 /* bf.h */ = {isa = PBXFileReference; fileEncoding = 4; lastKnownFileType = sourcecode.c.h; path = bf.h; sourceTree = "<group>"; };
		5B3F59271FEEAC7100FDB357 /* aec.h */ = {isa = PBXFileReference; fileEncoding = 4; lastKnownFileType = sourcecode.c.h; path = aec.h; sourceTree = "<group>"; };
		5B3F59281FEEAC7100FDB357 /* aec.cpp */ = {isa = PBXFileReference; fileEncoding = 4; lastKnownFileType = sourcecode.cpp.cpp; path = aec.cpp; sourceTree = "<group>"; };
		5B3F59291FEEAC7100FDB357 /* audio_recorder.cpp */ = {isa = PBXFileReference; fileEncoding = 4; lastKnownFileType = sourcecode.cpp.cpp; path = audio_recorder.cpp; sourceTree = "<group>"; };
		5B3F592B1FEEAC7100FDB357 /* vt.cpp */ = {isa = PBXFileReference; fileEncoding = 4; lastKnownFileType = sourcecode.cpp.cpp; path = vt.cpp; sourceTree = "<group>"; };
		5B3F592D1FEEAC7100FDB357 /* vt.h */ = {isa = PBXFileReference; fileEncoding = 4; lastKnownFileType = sourcecode.c.h; path = vt.h; sourceTree = "<group>"; };
		5B3F592F1FEEAC7100FDB357 /* audio_format.h */ = {isa = PBXFileReference; fileEncoding = 4; lastKnownFileType = sourcecode.c.h; path = audio_format.h; sourceTree = "<group>"; };
		5B3F59301FEEAC7100FDB357 /* cpu_relax.h */ = {isa = PBXFileReference; fileEncoding = 4; lastKnownFileType = sourcecode.c.h; path = cpu_relax.h; sourceTree = "<group>"; };
		5B3F59311FEEAC7100FDB357 /* audio_converter.cpp */ = {isa = PBXFileReference; fileEncoding = 4; lastKnownFileType = sourcecode.cpp.cpp; path = audio_converter.cpp; sourceTree = "<group>"; };
		5B3F59341FEEAC7100FDB357 /* cod.h */ = {isa = PBXFileReference; fileEncoding = 4; lastKnownFileType = sourcecode.c.h; path = cod.h; sourceTree = "<group>"; };
		5B3F59351FEEAC7100FDB357 /* cod.cpp */ = {isa = PBXFileReference; fileEncoding = 4; lastKnownFileType = sourcecode.cpp.cpp; path = cod.cpp; sourceTree = "<group>"; };
		5B3F59371FEEAC7100FDB357 /* agc.cpp */ = {isa = PBXFileReference; fileEncoding = 4; lastKnownFileType = sourcecode.cpp.cpp; path = agc.cpp; sourceTree = "<group>"; };
		5B3F59391FEEAC7100FDB357 /* agc.h */ = {isa = PBXFileReference; fileEncoding = 4; lastKnownFileType = sourcecode.c.h; path = agc.h; sourceTree = "<group>"; };
		5B3F593A1FEEAC7100FDB357 /* audio_converter.h */ = {isa = PBXFileReference; fileEncoding = 4; lastKnownFileType = sourcecode.c.h; path = audio_converter.h; sourceTree = "<group>"; };
		5B3F593B1FEEAC7100FDB357 /* audio_recorder.h */ = {isa = PBXFileReference; fileEncoding = 4; lastKnownFileType = sourcecode.c.h; path = audio_recorder.h; sourceTree = "<group>"; };
		5B3F593C1FEEAC7100FDB357 /* log.h */ = {isa = PBXFileReference; fileEncoding = 4; lastKnownFileType = sourcecode.c.h; path = log.h; sourceTree = "<group>"; };
		5B3F593D1FEEAC7100FDB357 /* buf_manager.h */ = {isa = PBXFileReference; fileEncoding = 4; lastKnownFileType = sourcecode.c.h; path = buf_manager.h; sourceTree = "<group>"; };
		5B3F593F1FEEAC7200FDB357 /* rdc.cpp */ = {isa = PBXFileReference; fileEncoding = 4; lastKnownFileType = sourcecode.cpp.cpp; path = rdc.cpp; sourceTree = "<group>"; };
		5B3F59411FEEAC7200FDB357 /* rdc.h */ = {isa = PBXFileReference; fileEncoding = 4; lastKnownFileType = sourcecode.c.h; path = rdc.h; sourceTree = "<group>"; };
		5B3F59441FEEAC7200FDB357 /* vad.h */ = {isa = PBXFileReference; fileEncoding = 4; lastKnownFileType = sourcecode.c.h; path = vad.h; sourceTree = "<group>"; };
		5B3F59451FEEAC7200FDB357 /* vad.cpp */ = {isa = PBXFileReference; fileEncoding = 4; lastKnownFileType = sourcecode.cpp.cpp; path = vad.cpp; sourceTree = "<group>"; };
		5B3F59461FEEAC7200FDB357 /* audio_wrapper.h */ = {isa = PBXFileReference; fileEncoding = 4; lastKnownFileType = sourcecode.c.h; path = audio_wrapper.h; sourceTree = "<group>"; };
		5B3F59481FEEAC7200FDB357 /* fa_fir.h */ = {isa = PBXFileReference; fileEncoding = 4; lastKnownFileType = sourcecode.c.h; path = fa_fir.h; sourceTree = "<group>"; };
		5B3F594A1FEEAC7200FDB357 /* rs.h */ = {isa = PBXFileReference; fileEncoding = 4; lastKnownFileType = sourcecode.c.h; path = rs.h; sourceTree = "<group>"; };
		5B3F594B1FEEAC7200FDB357 /* fa_fir.cpp */ = {isa = PBXFileReference; fileEncoding = 4; lastKnownFileType = sourcecode.cpp.cpp; path = fa_fir.cpp; sourceTree = "<group>"; };
		5B3F594C1FEEAC7200FDB357 /* rs.cpp */ = {isa = PBXFileReference; fileEncoding = 4; lastKnownFileType = sourcecode.cpp.cpp; path = rs.cpp; sourceTree = "<group>"; };
		5B3F594D1FEEAC7200FDB357 /* fa_resample.cpp */ = {isa = PBXFileReference; fileEncoding = 4; lastKnownFileType = sourcecode.cpp.cpp; path = fa_resample.cpp; sourceTree = "<group>"; };
		5B3F594E1FEEAC7200FDB357 /* fa_resample.h */ = {isa = PBXFileReference; fileEncoding = 4; lastKnownFileType = sourcecode.c.h; path = fa_resample.h; sourceTree = "<group>"; };
		5B3F59501FEEAC7200FDB357 /* vbv.cpp */ = {isa = PBXFileReference; fileEncoding = 4; lastKnownFileType = sourcecode.cpp.cpp; path = vbv.cpp; sourceTree = "<group>"; };
		5B3F59521FEEAC7200FDB357 /* vbv.h */ = {isa = PBXFileReference; fileEncoding = 4; lastKnownFileType = sourcecode.c.h; path = vbv.h; sourceTree = "<group>"; };
		5B3F59751FEEAC9E00FDB357 /* tts.h */ = {isa = PBXFileReference; fileEncoding = 4; lastKnownFileType = sourcecode.c.h; path = tts.h; sourceTree = "<group>"; };
		5B3F59761FEEAC9E00FDB357 /* speech_types.h */ = {isa = PBXFileReference; fileEncoding = 4; lastKnownFileType = sourcecode.c.h; path = speech_types.h; sourceTree = "<group>"; };
		5B3F59771FEEAC9E00FDB357 /* speech.h */ = {isa = PBXFileReference; fileEncoding = 4; lastKnownFileType = sourcecode.c.h; path = speech.h; sourceTree = "<group>"; };
		5B3F59791FEEAC9E00FDB357 /* speech.pb.h */ = {isa = PBXFileReference; fileEncoding = 4; lastKnownFileType = sourcecode.c.h; path = speech.pb.h; sourceTree = "<group>"; };
		5B3F597A1FEEAC9E00FDB357 /* speech_types.pb.cc */ = {isa = PBXFileReference; fileEncoding = 4; lastKnownFileType = sourcecode.cpp.cpp; path = speech_types.pb.cc; sourceTree = "<group>"; };
		5B3F597B1FEEAC9E00FDB357 /* auth.pb.cc */ = {isa = PBXFileReference; fileEncoding = 4; lastKnownFileType = sourcecode.cpp.cpp; path = auth.pb.cc; sourceTree = "<group>"; };
		5B3F597C1FEEAC9E00FDB357 /* tts.pb.h */ = {isa = PBXFileReference; fileEncoding = 4; lastKnownFileType = sourcecode.c.h; path = tts.pb.h; sourceTree = "<group>"; };
		5B3F597D1FEEAC9E00FDB357 /* speech.pb.cc */ = {isa = PBXFileReference; fileEncoding = 4; lastKnownFileType = sourcecode.cpp.cpp; path = speech.pb.cc; sourceTree = "<group>"; };
		5B3F597E1FEEAC9E00FDB357 /* tts.proto */ = {isa = PBXFileReference; fileEncoding = 4; lastKnownFileType = text; path = tts.proto; sourceTree = "<group>"; };
		5B3F597F1FEEAC9E00FDB357 /* tts.pb.cc */ = {isa = PBXFileReference; fileEncoding = 4; lastKnownFileType = sourcecode.cpp.cpp; path = tts.pb.cc; sourceTree = "<group>"; };
		5B3F59801FEEAC9E00FDB357 /* auth.pb.h */ = {isa = PBXFileReference; fileEncoding = 4; lastKnownFileType = sourcecode.c.h; path = auth.pb.h; sourceTree = "<group>"; };
		5B3F59811FEEAC9E00FDB357 /* speech_types.proto */ = {isa = PBXFileReference; fileEncoding = 4; lastKnownFileType = text; path = speech_types.proto; sourceTree = "<group>"; };
		5B3F59821FEEAC9E00FDB357 /* auth.proto */ = {isa = PBXFileReference; fileEncoding = 4; lastKnownFileType = text; path = auth.proto; sourceTree = "<group>"; };
		5B3F59831FEEAC9E00FDB357 /* speech.proto */ = {isa = PBXFileReference; fileEncoding = 4; lastKnownFileType = text; path = speech.proto; sourceTree = "<group>"; };
		5B3F59841FEEAC9E00FDB357 /* speech_types.pb.h */ = {isa = PBXFileReference; fileEncoding = 4; lastKnownFileType = sourcecode.c.h; path = speech_types.pb.h; sourceTree = "<group>"; };
		5B3F59851FEEAC9E00FDB357 /* Android.mk */ = {isa = PBXFileReference; fileEncoding = 4; lastKnownFileType = text; path = Android.mk; sourceTree = "<group>"; };
		5B3F59881FEEAC9E00FDB357 /* types.h */ = {isa = PBXFileReference; fileEncoding = 4; lastKnownFileType = sourcecode.c.h; path = types.h; sourceTree = "<group>"; };
		5B3F59891FEEAC9E00FDB357 /* speech_impl.h */ = {isa = PBXFileReference; fileEncoding = 4; lastKnownFileType = sourcecode.c.h; path = speech_impl.h; sourceTree = "<group>"; };
		5B3F598A1FEEAC9E00FDB357 /* speech_impl.cc */ = {isa = PBXFileReference; fileEncoding = 4; lastKnownFileType = sourcecode.cpp.cpp; path = speech_impl.cc; sourceTree = "<group>"; };
		5B3F598C1FEEAC9E00FDB357 /* pending_queue.h */ = {isa = PBXFileReference; fileEncoding = 4; lastKnownFileType = sourcecode.c.h; path = pending_queue.h; sourceTree = "<group>"; };
		5B3F598D1FEEAC9E00FDB357 /* speech_connection.cc */ = {isa = PBXFileReference; fileEncoding = 4; lastKnownFileType = sourcecode.cpp.cpp; path = speech_connection.cc; sourceTree = "<group>"; };
		5B3F598E1FEEAC9E00FDB357 /* log.h */ = {isa = PBXFileReference; fileEncoding = 4; lastKnownFileType = sourcecode.c.h; path = log.h; sourceTree = "<group>"; };
		5B3F598F1FEEAC9E00FDB357 /* op_ctl.h */ = {isa = PBXFileReference; fileEncoding = 4; lastKnownFileType = sourcecode.c.h; path = op_ctl.h; sourceTree = "<group>"; };
		5B3F59901FEEAC9E00FDB357 /* speech_connection.h */ = {isa = PBXFileReference; fileEncoding = 4; lastKnownFileType = sourcecode.c.h; path = speech_connection.h; sourceTree = "<group>"; };
		5B3F59911FEEAC9E00FDB357 /* log.cc */ = {isa = PBXFileReference; fileEncoding = 4; lastKnownFileType = sourcecode.cpp.cpp; path = log.cc; sourceTree = "<group>"; };
		5B3F59931FEEAC9E00FDB357 /* types.h */ = {isa = PBXFileReference; fileEncoding = 4; lastKnownFileType = sourcecode.c.h; path = types.h; sourceTree = "<group>"; };
		5B3F59941FEEAC9E00FDB357 /* tts_impl.h */ = {isa = PBXFileReference; fileEncoding = 4; lastKnownFileType = sourcecode.c.h; path = tts_impl.h; sourceTree = "<group>"; };
		5B3F59951FEEAC9E00FDB357 /* tts_impl.cc */ = {isa = PBXFileReference; fileEncoding = 4; lastKnownFileType = sourcecode.cpp.cpp; path = tts_impl.cc; sourceTree = "<group>"; };
		5B3F59AD1FEEACB300FDB357 /* Android.mk */ = {isa = PBXFileReference; fileEncoding = 4; lastKnownFileType = text; path = Android.mk; sourceTree = "<group>"; };
		5B3F59B01FEEACF300FDB357 /* libztvad.a */ = {isa = PBXFileReference; lastKnownFileType = archive.ar; name = libztvad.a; path = ../../external/thirdlib/mac/lib/libztvad.a; sourceTree = "<group>"; };
		5B3F59B11FEEACF300FDB357 /* libmkl_core.a */ = {isa = PBXFileReference; lastKnownFileType = archive.ar; name = libmkl_core.a; path = ../../external/thirdlib/mac/lib/libmkl_core.a; sourceTree = "<group>"; };
		5B3F59B21FEEACF300FDB357 /* libr2ssp.a */ = {isa = PBXFileReference; lastKnownFileType = archive.ar; name = libr2ssp.a; path = ../../external/thirdlib/mac/lib/libr2ssp.a; sourceTree = "<group>"; };
		5B3F59B31FEEACF300FDB357 /* libmkl_sequential.a */ = {isa = PBXFileReference; lastKnownFileType = archive.ar; name = libmkl_sequential.a; path = ../../external/thirdlib/mac/lib/libmkl_sequential.a; sourceTree = "<group>"; };
		5B3F59B41FEEACF300FDB357 /* libmkl_intel_lp64.a */ = {isa = PBXFileReference; lastKnownFileType = archive.ar; name = libmkl_intel_lp64.a; path = ../../external/thirdlib/mac/lib/libmkl_intel_lp64.a; sourceTree = "<group>"; };
		5B3F59C01FEEB27000FDB357 /* typedefs.h */ = {isa = PBXFileReference; lastKnownFileType = sourcecode.c.h; path = typedefs.h; sourceTree = "<group>"; };
		5B3FECBF1FF0AA7900B1312A /* Android.mk */ = {isa = PBXFileReference; lastKnownFileType = text; path = Android.mk; sourceTree = "<group>"; };
/* End PBXFileReference section */

/* Begin PBXFrameworksBuildPhase section */
		5B3F58B51FEEA9C700FDB357 /* Frameworks */ = {
			isa = PBXFrameworksBuildPhase;
			buildActionMask = 2147483647;
			files = (
				5B3908F21FEFDD1A0051824E /* libcommon_audio.a in Frameworks */,
			);
			runOnlyForDeploymentPostprocessing = 0;
		};
		5B3F58C31FEEA9E400FDB357 /* Frameworks */ = {
			isa = PBXFrameworksBuildPhase;
			buildActionMask = 2147483647;
			files = (
			);
			runOnlyForDeploymentPostprocessing = 0;
		};
		5B3F58D21FEEA9F300FDB357 /* Frameworks */ = {
			isa = PBXFrameworksBuildPhase;
			buildActionMask = 2147483647;
			files = (
				5B3F59BA1FEEAD8700FDB357 /* libmkl_core.a in Frameworks */,
				5B3F59BB1FEEAD8700FDB357 /* libmkl_intel_lp64.a in Frameworks */,
				5B3F59BC1FEEAD8700FDB357 /* libmkl_sequential.a in Frameworks */,
				5B3F59BD1FEEAD8700FDB357 /* libr2ssp.a in Frameworks */,
				5B3F59BE1FEEAD8700FDB357 /* libztvad.a in Frameworks */,
			);
			runOnlyForDeploymentPostprocessing = 0;
		};
		5B3F58E11FEEAA0200FDB357 /* Frameworks */ = {
			isa = PBXFrameworksBuildPhase;
			buildActionMask = 2147483647;
			files = (
			);
			runOnlyForDeploymentPostprocessing = 0;
		};
		5B3F58F01FEEAA0D00FDB357 /* Frameworks */ = {
			isa = PBXFrameworksBuildPhase;
			buildActionMask = 2147483647;
			files = (
			);
			runOnlyForDeploymentPostprocessing = 0;
		};
		5B3F58FF1FEEAA1800FDB357 /* Frameworks */ = {
			isa = PBXFrameworksBuildPhase;
			buildActionMask = 2147483647;
			files = (
			);
			runOnlyForDeploymentPostprocessing = 0;
		};
/* End PBXFrameworksBuildPhase section */

/* Begin PBXGroup section */
		5B3172DA1FFA9FF600BCDC7B /* dep */ = {
			isa = PBXGroup;
			children = (
				5B3172DB1FFA9FF600BCDC7B /* zvtdet.cpp */,
				5B3172DC1FFA9FF600BCDC7B /* zvtdet.h */,
				5B3172DD1FFA9FF600BCDC7B /* zphosto.h */,
				5B3172DE1FFA9FF600BCDC7B /* zsildet3.h */,
				5B3172DF1FFA9FF600BCDC7B /* zphosto.cpp */,
				5B3172E01FFA9FF600BCDC7B /* zsildet3.cpp */,
			);
			path = dep;
			sourceTree = "<group>";
		};
		5B390C251FF2AB100051824E /* dnn */ = {
			isa = PBXGroup;
			children = (
				5B390C261FF2AB100051824E /* zcomp_affine.h */,
				5B390C271FF2AB100051824E /* zcomp.cpp */,
				5B390C281FF2AB100051824E /* zcomp.h */,
				5B390C291FF2AB100051824E /* zcomp_linear.cpp */,
				5B390C2A1FF2AB100051824E /* znnet.cpp */,
				5B390C2B1FF2AB100051824E /* zcomp_activation.h */,
				5B390C2C1FF2AB100051824E /* zcomp_activation.cpp */,
				5B390C2D1FF2AB100051824E /* znnet.h */,
				5B390C2E1FF2AB100051824E /* zcomp_affine.cpp */,
				5B390C2F1FF2AB100051824E /* zcomp_lstm_cell.cpp */,
				5B390C301FF2AB100051824E /* zcomp_linear.h */,
				5B390C311FF2AB100051824E /* zcomp_lstm_cell.h */,
				5B390C321FF2AB100051824E /* zcomp_lstm.cpp */,
				5B390C331FF2AB100051824E /* zcomp_lstm.h */,
			);
			name = dnn;
			path = ../../../external/r2slv4/r2vt4/src/dnn;
			sourceTree = "<group>";
		};
		5B390C401FF2AB100051824E /* sl */ = {
			isa = PBXGroup;
			children = (
				5B390C411FF2AB100051824E /* zslapi.h */,
				5B390C421FF2AB100051824E /* spline.h */,
				5B390C431FF2AB100051824E /* zslmem.h */,
				5B390C441FF2AB100051824E /* zslapi.cpp */,
				5B390C451FF2AB100051824E /* zslmem.cpp */,
				5B390C461FF2AB100051824E /* spline.cpp */,
			);
			name = sl;
			path = ../../../external/r2slv4/r2vt4/src/sl;
			sourceTree = "<group>";
		};
		5B390C4B1FF2AB100051824E /* mat */ = {
			isa = PBXGroup;
			children = (
				5B390C4C1FF2AB100051824E /* zmat_neon.cpp */,
				5B390C4D1FF2AB100051824E /* zmat.h */,
				5B390C4E1FF2AB100051824E /* zvec.h */,
				5B390C4F1FF2AB100051824E /* zcmat.cpp */,
				5B390C501FF2AB100051824E /* zvec.cpp */,
				5B390C511FF2AB100051824E /* zcmat.h */,
				5B390C521FF2AB100051824E /* zmat_neon.h */,
				5B390C531FF2AB100051824E /* zmat.cpp */,
			);
			name = mat;
			path = ../../../external/r2slv4/r2vt4/src/mat;
			sourceTree = "<group>";
		};
		5B390C541FF2AB100051824E /* vt */ = {
			isa = PBXGroup;
			children = (
				5B3172DA1FFA9FF600BCDC7B /* dep */,
				5B3172D41FFA9FF600BCDC7B /* zvtapi.cpp */,
				5B3172D71FFA9FF600BCDC7B /* zvtapi.h */,
				5B3172D81FFA9FF600BCDC7B /* zvtmem.cpp */,
				5B3172D51FFA9FF600BCDC7B /* zvtmem.h */,
				5B3172D91FFA9FF600BCDC7B /* zvtsto.cpp */,
				5B3172D61FFA9FF600BCDC7B /* zvtsto.h */,
			);
			name = vt;
			path = ../../../external/r2slv4/r2vt4/src/vt;
			sourceTree = "<group>";
		};
		5B390C621FF2AB100051824E /* cf */ = {
			isa = PBXGroup;
			children = (
				5B390C631FF2AB100051824E /* zcfmem.cpp */,
				5B390C641FF2AB100051824E /* zcfmem.h */,
				5B390C651FF2AB100051824E /* zcfapi.h */,
				5B390C661FF2AB100051824E /* zcfapi.cpp */,
			);
			name = cf;
			path = ../../../external/r2slv4/r2vt4/src/cf;
			sourceTree = "<group>";
		};
		5B390C6B1FF2AB100051824E /* fft */ = {
			isa = PBXGroup;
			children = (
				5B390C6C1FF2AB100051824E /* zfftr2r.h */,
				5B390C6D1FF2AB100051824E /* zfftr2c.h */,
				5B390C6E1FF2AB100051824E /* zfftr2r.cpp */,
				5B390C6F1FF2AB100051824E /* zfftr2c.cpp */,
			);
			name = fft;
			path = ../../../external/r2slv4/r2vt4/src/fft;
			sourceTree = "<group>";
		};
		5B390C701FF2AB100051824E /* io */ = {
			isa = PBXGroup;
			children = (
				5B390C711FF2AB100051824E /* zoutput.h */,
				5B390C721FF2AB100051824E /* zoutput.cpp */,
				5B390C731FF2AB100051824E /* zinput.h */,
				5B390C741FF2AB100051824E /* zinput.cpp */,
			);
			name = io;
			path = ../../../external/r2slv4/r2vt4/src/io;
			sourceTree = "<group>";
		};
		5B390C751FF2AB100051824E /* vbv */ = {
			isa = PBXGroup;
			children = (
				5B390C761FF2AB100051824E /* zvbvmem.h */,
				5B390C771FF2AB100051824E /* zvbvmem.cpp */,
				5B390C781FF2AB100051824E /* zvbvapi.h */,
				5B390C791FF2AB100051824E /* dep */,
				5B390C861FF2AB100051824E /* zvbvapi.cpp */,
			);
			name = vbv;
			path = ../../../external/r2slv4/r2vt4/src/vbv;
			sourceTree = "<group>";
		};
		5B390C791FF2AB100051824E /* dep */ = {
			isa = PBXGroup;
			children = (
				5B3172D11FF7F4CF00BCDC7B /* zbf.cpp */,
				5B3172D01FF7F4CE00BCDC7B /* zbf.h */,
				5B3172CE1FF7F4CE00BCDC7B /* zvad.cpp */,
				5B3172CF1FF7F4CE00BCDC7B /* zvad.h */,
				5B390C7A1FF2AB100051824E /* zns.h */,
				5B390C7B1FF2AB100051824E /* zvt.h */,
				5B390C7C1FF2AB100051824E /* zsl.h */,
				5B390C7F1FF2AB100051824E /* zvt.cpp */,
				5B390C801FF2AB100051824E /* zns.cpp */,
				5B390C811FF2AB100051824E /* zdirty.cpp */,
				5B390C821FF2AB100051824E /* zdirty.h */,
				5B390C831FF2AB100051824E /* zsl.cpp */,
			);
			path = dep;
			sourceTree = "<group>";
		};
		5B390C881FF2AB100051824E /* fea */ = {
			isa = PBXGroup;
			children = (
				5B390C891FF2AB100051824E /* zfea2.cpp */,
				5B390C8A1FF2AB100051824E /* zfea1.cpp */,
				5B390C8B1FF2AB100051824E /* zfilter.cpp */,
				5B390C8C1FF2AB100051824E /* zfilter.h */,
				5B390C8D1FF2AB100051824E /* zfea1.h */,
				5B390C8E1FF2AB100051824E /* zfea2.h */,
			);
			name = fea;
			path = ../../../external/r2slv4/r2vt4/src/fea;
			sourceTree = "<group>";
		};
		5B390C8F1FF2AB110051824E /* buff */ = {
			isa = PBXGroup;
			children = (
				5B390C901FF2AB110051824E /* zbuff.h */,
				5B390C911FF2AB110051824E /* zbuff.cpp */,
			);
			name = buff;
			path = ../../../external/r2slv4/r2vt4/src/buff;
			sourceTree = "<group>";
		};
		5B390CC01FF2ABB40051824E /* aud */ = {
			isa = PBXGroup;
			children = (
				5B390CC11FF2ABB40051824E /* zaudapi.cpp */,
				5B390CC21FF2ABB40051824E /* zaudapi.h */,
			);
			name = aud;
			path = ../../../external/r2slv4/r2vt4/src/aud;
			sourceTree = "<group>";
		};
		5B390CC31FF2ABB40051824E /* rs */ = {
			isa = PBXGroup;
			children = (
				5B390CC41FF2ABB40051824E /* zrsmem2.cpp */,
				5B390CC51FF2ABB40051824E /* zrsapi.h */,
				5B390CC61FF2ABB40051824E /* fa_fir.h */,
				5B390CC71FF2ABB40051824E /* fa_fir.cpp */,
				5B390CC81FF2ABB40051824E /* zrssto.cpp */,
				5B390CC91FF2ABB40051824E /* zrsapi.cpp */,
				5B390CCA1FF2ABB40051824E /* fa_resample.cpp */,
				5B390CCB1FF2ABB40051824E /* zrssto.h */,
				5B390CCC1FF2ABB40051824E /* zrsmem2.h */,
				5B390CCD1FF2ABB40051824E /* fa_resample.h */,
			);
			name = rs;
			path = ../../../external/r2slv4/r2vt4/src/rs;
			sourceTree = "<group>";
		};
		5B3F58AF1FEEA9C700FDB357 = {
			isa = PBXGroup;
			children = (
				5B3F58BA1FEEA9C700FDB357 /* examples */,
				5B3F58C71FEEA9E400FDB357 /* blacksiren */,
				5B3F58D61FEEA9F300FDB357 /* common_audio */,
				5B3F58E51FEEAA0200FDB357 /* modules */,
				5B3F58F41FEEAA0D00FDB357 /* speech */,
				5B3F59031FEEAA1800FDB357 /* thirdlib */,
				5B3F58B91FEEA9C700FDB357 /* Products */,
				5B3F59AF1FEEACF200FDB357 /* Frameworks */,
			);
			sourceTree = "<group>";
		};
		5B3F58B91FEEA9C700FDB357 /* Products */ = {
			isa = PBXGroup;
			children = (
				5B3F58B81FEEA9C700FDB357 /* vsys */,
				5B3F58C61FEEA9E400FDB357 /* libblacksiren.a */,
				5B3F58D51FEEA9F300FDB357 /* libcommon_audio.a */,
				5B3F58E41FEEAA0200FDB357 /* libmodules.a */,
				5B3F58F31FEEAA0D00FDB357 /* libspeech.a */,
				5B3F59021FEEAA1800FDB357 /* libthirdlib.a */,
			);
			name = Products;
			sourceTree = "<group>";
		};
		5B3F58BA1FEEA9C700FDB357 /* examples */ = {
			isa = PBXGroup;
			children = (
				5B390CC01FF2ABB40051824E /* aud */,
				5B390CC31FF2ABB40051824E /* rs */,
				5B390C8F1FF2AB110051824E /* buff */,
				5B390C621FF2AB100051824E /* cf */,
				5B390C251FF2AB100051824E /* dnn */,
				5B390C881FF2AB100051824E /* fea */,
				5B390C6B1FF2AB100051824E /* fft */,
				5B390C701FF2AB100051824E /* io */,
				5B390C4B1FF2AB100051824E /* mat */,
				5B390C401FF2AB100051824E /* sl */,
				5B390C751FF2AB100051824E /* vbv */,
				5B390C541FF2AB100051824E /* vt */,
				5B390C341FF2AB100051824E /* zmacro.h */,
				5B390C871FF2AB100051824E /* zmath.h */,
				5B390C4A1FF2AB100051824E /* zutil.cpp */,
				5B390C671FF2AB100051824E /* zutil.h */,
				5B3F58BB1FEEA9C700FDB357 /* main.cpp */,
			);
			path = examples;
			sourceTree = "<group>";
		};
		5B3F58C71FEEA9E400FDB357 /* blacksiren */ = {
			isa = PBXGroup;
			children = (
				5B3F590E1FEEAA4700FDB357 /* src */,
				5B3F590D1FEEAA3D00FDB357 /* include */,
			);
			path = blacksiren;
			sourceTree = "<group>";
		};
		5B3F58D61FEEA9F300FDB357 /* common_audio */ = {
			isa = PBXGroup;
			children = (
				5B3F59251FEEAC7100FDB357 /* aec */,
				5B3F59361FEEAC7100FDB357 /* agc */,
				5B3F59311FEEAC7100FDB357 /* audio_converter.cpp */,
				5B3F593A1FEEAC7100FDB357 /* audio_converter.h */,
				5B3F592F1FEEAC7100FDB357 /* audio_format.h */,
				5B3F59291FEEAC7100FDB357 /* audio_recorder.cpp */,
				5B3F593B1FEEAC7100FDB357 /* audio_recorder.h */,
				5B3F59461FEEAC7200FDB357 /* audio_wrapper.h */,
				5B3F59211FEEAC7100FDB357 /* bf */,
				5B3F593D1FEEAC7100FDB357 /* buf_manager.h */,
				5B3F59321FEEAC7100FDB357 /* cod */,
				5B3F59301FEEAC7100FDB357 /* cpu_relax.h */,
				5B3F593C1FEEAC7100FDB357 /* log.h */,
				5B3F593E1FEEAC7200FDB357 /* rdc */,
				5B3F59471FEEAC7200FDB357 /* rs */,
				5B3F59201FEEAC7100FDB357 /* utils.h */,
				5B3F59421FEEAC7200FDB357 /* vad */,
				5B3F592A1FEEAC7100FDB357 /* vt */,
				5B3F59C01FEEB27000FDB357 /* typedefs.h */,
			);
			path = common_audio;
			sourceTree = "<group>";
		};
		5B3F58E51FEEAA0200FDB357 /* modules */ = {
			isa = PBXGroup;
			children = (
				5B3FECBE1FF0A9C900B1312A /* audio_processing */,
				5B3FECBD1FF0A9B800B1312A /* vbv */,
			);
			path = modules;
			sourceTree = "<group>";
		};
		5B3F58F41FEEAA0D00FDB357 /* speech */ = {
			isa = PBXGroup;
			children = (
				5B3F59851FEEAC9E00FDB357 /* Android.mk */,
				5B3F59741FEEAC9E00FDB357 /* include */,
				5B3F59781FEEAC9E00FDB357 /* proto */,
				5B3F59861FEEAC9E00FDB357 /* src */,
			);
			path = speech;
			sourceTree = "<group>";
		};
		5B3F59031FEEAA1800FDB357 /* thirdlib */ = {
			isa = PBXGroup;
			children = (
				5B3F59AD1FEEACB300FDB357 /* Android.mk */,
				5B3F59AE1FEEACB300FDB357 /* include */,
			);
			path = thirdlib;
			sourceTree = "<group>";
		};
		5B3F590D1FEEAA3D00FDB357 /* include */ = {
			isa = PBXGroup;
			children = (
				5B3F59111FEEAA6D00FDB357 /* siren_types.h */,
				5B3F59101FEEAA6D00FDB357 /* siren.h */,
			);
			path = include;
			sourceTree = "<group>";
		};
		5B3F590E1FEEAA4700FDB357 /* src */ = {
			isa = PBXGroup;
			children = (
				5B3F59171FEEAAD600FDB357 /* siren_config.h */,
				5B3F59141FEEAAD600FDB357 /* siren_impl.cpp */,
				5B3F59161FEEAAD600FDB357 /* siren_impl.h */,
				5B3F59151FEEAAD600FDB357 /* siren.cpp */,
				5B3F590F1FEEAA4E00FDB357 /* common */,
			);
			path = src;
			sourceTree = "<group>";
		};
		5B3F590F1FEEAA4E00FDB357 /* common */ = {
			isa = PBXGroup;
			children = (
				5B3F591D1FEEAC0500FDB357 /* siren_algorithm.cpp */,
				5B3F591C1FEEAC0500FDB357 /* siren_algorithm.h */,
			);
			path = common;
			sourceTree = "<group>";
		};
		5B3F59211FEEAC7100FDB357 /* bf */ = {
			isa = PBXGroup;
			children = (
				5B3F59221FEEAC7100FDB357 /* bf.cpp */,
				5B3F59231FEEAC7100FDB357 /* include */,
			);
			path = bf;
			sourceTree = "<group>";
		};
		5B3F59231FEEAC7100FDB357 /* include */ = {
			isa = PBXGroup;
			children = (
				5B3F59241FEEAC7100FDB357 /* bf.h */,
			);
			path = include;
			sourceTree = "<group>";
		};
		5B3F59251FEEAC7100FDB357 /* aec */ = {
			isa = PBXGroup;
			children = (
				5B3F59261FEEAC7100FDB357 /* include */,
				5B3F59281FEEAC7100FDB357 /* aec.cpp */,
			);
			path = aec;
			sourceTree = "<group>";
		};
		5B3F59261FEEAC7100FDB357 /* include */ = {
			isa = PBXGroup;
			children = (
				5B3F59271FEEAC7100FDB357 /* aec.h */,
			);
			path = include;
			sourceTree = "<group>";
		};
		5B3F592A1FEEAC7100FDB357 /* vt */ = {
			isa = PBXGroup;
			children = (
				5B3F592B1FEEAC7100FDB357 /* vt.cpp */,
				5B3F592C1FEEAC7100FDB357 /* include */,
			);
			path = vt;
			sourceTree = "<group>";
		};
		5B3F592C1FEEAC7100FDB357 /* include */ = {
			isa = PBXGroup;
			children = (
				5B3F592D1FEEAC7100FDB357 /* vt.h */,
			);
			path = include;
			sourceTree = "<group>";
		};
		5B3F59321FEEAC7100FDB357 /* cod */ = {
			isa = PBXGroup;
			children = (
				5B3F59331FEEAC7100FDB357 /* include */,
				5B3F59351FEEAC7100FDB357 /* cod.cpp */,
			);
			path = cod;
			sourceTree = "<group>";
		};
		5B3F59331FEEAC7100FDB357 /* include */ = {
			isa = PBXGroup;
			children = (
				5B3F59341FEEAC7100FDB357 /* cod.h */,
			);
			path = include;
			sourceTree = "<group>";
		};
		5B3F59361FEEAC7100FDB357 /* agc */ = {
			isa = PBXGroup;
			children = (
				5B3F59371FEEAC7100FDB357 /* agc.cpp */,
				5B3F59381FEEAC7100FDB357 /* include */,
			);
			path = agc;
			sourceTree = "<group>";
		};
		5B3F59381FEEAC7100FDB357 /* include */ = {
			isa = PBXGroup;
			children = (
				5B3F59391FEEAC7100FDB357 /* agc.h */,
			);
			path = include;
			sourceTree = "<group>";
		};
		5B3F593E1FEEAC7200FDB357 /* rdc */ = {
			isa = PBXGroup;
			children = (
				5B3F593F1FEEAC7200FDB357 /* rdc.cpp */,
				5B3F59401FEEAC7200FDB357 /* include */,
			);
			path = rdc;
			sourceTree = "<group>";
		};
		5B3F59401FEEAC7200FDB357 /* include */ = {
			isa = PBXGroup;
			children = (
				5B3F59411FEEAC7200FDB357 /* rdc.h */,
			);
			path = include;
			sourceTree = "<group>";
		};
		5B3F59421FEEAC7200FDB357 /* vad */ = {
			isa = PBXGroup;
			children = (
				5B3F59431FEEAC7200FDB357 /* include */,
				5B3F59451FEEAC7200FDB357 /* vad.cpp */,
			);
			path = vad;
			sourceTree = "<group>";
		};
		5B3F59431FEEAC7200FDB357 /* include */ = {
			isa = PBXGroup;
			children = (
				5B3F59441FEEAC7200FDB357 /* vad.h */,
			);
			path = include;
			sourceTree = "<group>";
		};
		5B3F59471FEEAC7200FDB357 /* rs */ = {
			isa = PBXGroup;
			children = (
				5B3F59481FEEAC7200FDB357 /* fa_fir.h */,
				5B3F59491FEEAC7200FDB357 /* include */,
				5B3F594B1FEEAC7200FDB357 /* fa_fir.cpp */,
				5B3F594C1FEEAC7200FDB357 /* rs.cpp */,
				5B3F594D1FEEAC7200FDB357 /* fa_resample.cpp */,
				5B3F594E1FEEAC7200FDB357 /* fa_resample.h */,
			);
			path = rs;
			sourceTree = "<group>";
		};
		5B3F59491FEEAC7200FDB357 /* include */ = {
			isa = PBXGroup;
			children = (
				5B3F594A1FEEAC7200FDB357 /* rs.h */,
			);
			path = include;
			sourceTree = "<group>";
		};
		5B3F59511FEEAC7200FDB357 /* include */ = {
			isa = PBXGroup;
			children = (
				5B3F59521FEEAC7200FDB357 /* vbv.h */,
			);
			path = include;
			sourceTree = "<group>";
		};
		5B3F59741FEEAC9E00FDB357 /* include */ = {
			isa = PBXGroup;
			children = (
				5B3F59751FEEAC9E00FDB357 /* tts.h */,
				5B3F59761FEEAC9E00FDB357 /* speech_types.h */,
				5B3F59771FEEAC9E00FDB357 /* speech.h */,
			);
			path = include;
			sourceTree = "<group>";
		};
		5B3F59781FEEAC9E00FDB357 /* proto */ = {
			isa = PBXGroup;
			children = (
				5B3F59791FEEAC9E00FDB357 /* speech.pb.h */,
				5B3F597A1FEEAC9E00FDB357 /* speech_types.pb.cc */,
				5B3F597B1FEEAC9E00FDB357 /* auth.pb.cc */,
				5B3F597C1FEEAC9E00FDB357 /* tts.pb.h */,
				5B3F597D1FEEAC9E00FDB357 /* speech.pb.cc */,
				5B3F597E1FEEAC9E00FDB357 /* tts.proto */,
				5B3F597F1FEEAC9E00FDB357 /* tts.pb.cc */,
				5B3F59801FEEAC9E00FDB357 /* auth.pb.h */,
				5B3F59811FEEAC9E00FDB357 /* speech_types.proto */,
				5B3F59821FEEAC9E00FDB357 /* auth.proto */,
				5B3F59831FEEAC9E00FDB357 /* speech.proto */,
				5B3F59841FEEAC9E00FDB357 /* speech_types.pb.h */,
			);
			path = proto;
			sourceTree = "<group>";
		};
		5B3F59861FEEAC9E00FDB357 /* src */ = {
			isa = PBXGroup;
			children = (
				5B3F59871FEEAC9E00FDB357 /* speech */,
				5B3F598B1FEEAC9E00FDB357 /* common */,
				5B3F59921FEEAC9E00FDB357 /* tts */,
			);
			path = src;
			sourceTree = "<group>";
		};
		5B3F59871FEEAC9E00FDB357 /* speech */ = {
			isa = PBXGroup;
			children = (
				5B3F59881FEEAC9E00FDB357 /* types.h */,
				5B3F59891FEEAC9E00FDB357 /* speech_impl.h */,
				5B3F598A1FEEAC9E00FDB357 /* speech_impl.cc */,
			);
			path = speech;
			sourceTree = "<group>";
		};
		5B3F598B1FEEAC9E00FDB357 /* common */ = {
			isa = PBXGroup;
			children = (
				5B3F598C1FEEAC9E00FDB357 /* pending_queue.h */,
				5B3F598D1FEEAC9E00FDB357 /* speech_connection.cc */,
				5B3F598E1FEEAC9E00FDB357 /* log.h */,
				5B3F598F1FEEAC9E00FDB357 /* op_ctl.h */,
				5B3F59901FEEAC9E00FDB357 /* speech_connection.h */,
				5B3F59911FEEAC9E00FDB357 /* log.cc */,
			);
			path = common;
			sourceTree = "<group>";
		};
		5B3F59921FEEAC9E00FDB357 /* tts */ = {
			isa = PBXGroup;
			children = (
				5B3F59931FEEAC9E00FDB357 /* types.h */,
				5B3F59941FEEAC9E00FDB357 /* tts_impl.h */,
				5B3F59951FEEAC9E00FDB357 /* tts_impl.cc */,
			);
			path = tts;
			sourceTree = "<group>";
		};
		5B3F59AE1FEEACB300FDB357 /* include */ = {
			isa = PBXGroup;
			children = (
				5B3908F31FEFDDCF0051824E /* NNVadIntf.h */,
			);
			path = include;
			sourceTree = "<group>";
		};
		5B3F59AF1FEEACF200FDB357 /* Frameworks */ = {
			isa = PBXGroup;
			children = (
				5B3F59B11FEEACF300FDB357 /* libmkl_core.a */,
				5B3F59B41FEEACF300FDB357 /* libmkl_intel_lp64.a */,
				5B3F59B31FEEACF300FDB357 /* libmkl_sequential.a */,
				5B3F59B21FEEACF300FDB357 /* libr2ssp.a */,
				5B3F59B01FEEACF300FDB357 /* libztvad.a */,
			);
			name = Frameworks;
			sourceTree = "<group>";
		};
		5B3FECBD1FF0A9B800B1312A /* vbv */ = {
			isa = PBXGroup;
			children = (
				5B3F59501FEEAC7200FDB357 /* vbv.cpp */,
				5B3F59511FEEAC7200FDB357 /* include */,
			);
			path = vbv;
			sourceTree = "<group>";
		};
		5B3FECBE1FF0A9C900B1312A /* audio_processing */ = {
			isa = PBXGroup;
			children = (
				5B3FECBF1FF0AA7900B1312A /* Android.mk */,
			);
			path = audio_processing;
			sourceTree = "<group>";
		};
/* End PBXGroup section */

/* Begin PBXHeadersBuildPhase section */
		5B3F58C41FEEA9E400FDB357 /* Headers */ = {
			isa = PBXHeadersBuildPhase;
			buildActionMask = 2147483647;
			files = (
				5B3F591A1FEEAAD600FDB357 /* siren_impl.h in Headers */,
				5B3F59131FEEAA6E00FDB357 /* siren_types.h in Headers */,
				5B3F591E1FEEAC0500FDB357 /* siren_algorithm.h in Headers */,
				5B3F591B1FEEAAD600FDB357 /* siren_config.h in Headers */,
				5B3F59121FEEAA6E00FDB357 /* siren.h in Headers */,
			);
			runOnlyForDeploymentPostprocessing = 0;
		};
		5B3F58D31FEEA9F300FDB357 /* Headers */ = {
			isa = PBXHeadersBuildPhase;
			buildActionMask = 2147483647;
			files = (
				5B3F596C1FEEAC7200FDB357 /* rs.h in Headers */,
				5B3F59641FEEAC7200FDB357 /* log.h in Headers */,
				5B3F595B1FEEAC7200FDB357 /* audio_format.h in Headers */,
				5B3F595A1FEEAC7200FDB357 /* vt.h in Headers */,
				5B3F59671FEEAC7200FDB357 /* rdc.h in Headers */,
				5B3F59561FEEAC7200FDB357 /* aec.h in Headers */,
				5B3F596B1FEEAC7200FDB357 /* fa_fir.h in Headers */,
				5B3F59621FEEAC7200FDB357 /* audio_converter.h in Headers */,
				5B3F59681FEEAC7200FDB357 /* vad.h in Headers */,
				5B3F59551FEEAC7200FDB357 /* bf.h in Headers */,
				5B3F59721FEEAC7200FDB357 /* vbv.h in Headers */,
				5B3F595C1FEEAC7200FDB357 /* cpu_relax.h in Headers */,
				5B3F596A1FEEAC7200FDB357 /* audio_wrapper.h in Headers */,
				5B3F595E1FEEAC7200FDB357 /* cod.h in Headers */,
				5B3F59631FEEAC7200FDB357 /* audio_recorder.h in Headers */,
				5B3F59701FEEAC7200FDB357 /* fa_resample.h in Headers */,
				5B3F59611FEEAC7200FDB357 /* agc.h in Headers */,
				5B3F59651FEEAC7200FDB357 /* buf_manager.h in Headers */,
				5B3F59531FEEAC7200FDB357 /* utils.h in Headers */,
			);
			runOnlyForDeploymentPostprocessing = 0;
		};
		5B3F58E21FEEAA0200FDB357 /* Headers */ = {
			isa = PBXHeadersBuildPhase;
			buildActionMask = 2147483647;
			files = (
			);
			runOnlyForDeploymentPostprocessing = 0;
		};
		5B3F58F11FEEAA0D00FDB357 /* Headers */ = {
			isa = PBXHeadersBuildPhase;
			buildActionMask = 2147483647;
			files = (
				5B3F59A61FEEAC9E00FDB357 /* log.h in Headers */,
				5B3F59971FEEAC9E00FDB357 /* speech_types.h in Headers */,
				5B3F59AA1FEEAC9E00FDB357 /* types.h in Headers */,
				5B3F59A21FEEAC9E00FDB357 /* speech_impl.h in Headers */,
				5B3F599F1FEEAC9E00FDB357 /* auth.pb.h in Headers */,
				5B3F59A11FEEAC9E00FDB357 /* types.h in Headers */,
				5B3F59A01FEEAC9E00FDB357 /* speech_types.pb.h in Headers */,
				5B3F599C1FEEAC9E00FDB357 /* tts.pb.h in Headers */,
				5B3F59A41FEEAC9E00FDB357 /* pending_queue.h in Headers */,
				5B3F59991FEEAC9E00FDB357 /* speech.pb.h in Headers */,
				5B3F59981FEEAC9E00FDB357 /* speech.h in Headers */,
				5B3F59961FEEAC9E00FDB357 /* tts.h in Headers */,
				5B3F59A81FEEAC9E00FDB357 /* speech_connection.h in Headers */,
				5B3F59AB1FEEAC9E00FDB357 /* tts_impl.h in Headers */,
				5B3F59A71FEEAC9E00FDB357 /* op_ctl.h in Headers */,
			);
			runOnlyForDeploymentPostprocessing = 0;
		};
		5B3F59001FEEAA1800FDB357 /* Headers */ = {
			isa = PBXHeadersBuildPhase;
			buildActionMask = 2147483647;
			files = (
				5B3908F41FEFDDCF0051824E /* NNVadIntf.h in Headers */,
			);
			runOnlyForDeploymentPostprocessing = 0;
		};
/* End PBXHeadersBuildPhase section */

/* Begin PBXNativeTarget section */
		5B3F58B71FEEA9C700FDB357 /* vsys */ = {
			isa = PBXNativeTarget;
			buildConfigurationList = 5B3F58BF1FEEA9C700FDB357 /* Build configuration list for PBXNativeTarget "vsys" */;
			buildPhases = (
				5B3F58B41FEEA9C700FDB357 /* Sources */,
				5B3F58B51FEEA9C700FDB357 /* Frameworks */,
				5B3F58B61FEEA9C700FDB357 /* CopyFiles */,
			);
			buildRules = (
			);
			dependencies = (
			);
			name = vsys;
			productName = vsys;
			productReference = 5B3F58B81FEEA9C700FDB357 /* vsys */;
			productType = "com.apple.product-type.tool";
		};
		5B3F58C51FEEA9E400FDB357 /* blacksiren */ = {
			isa = PBXNativeTarget;
			buildConfigurationList = 5B3F58CE1FEEA9E400FDB357 /* Build configuration list for PBXNativeTarget "blacksiren" */;
			buildPhases = (
				5B3F58C21FEEA9E400FDB357 /* Sources */,
				5B3F58C31FEEA9E400FDB357 /* Frameworks */,
				5B3F58C41FEEA9E400FDB357 /* Headers */,
			);
			buildRules = (
			);
			dependencies = (
			);
			name = blacksiren;
			productName = blacksiren;
			productReference = 5B3F58C61FEEA9E400FDB357 /* libblacksiren.a */;
			productType = "com.apple.product-type.library.static";
		};
		5B3F58D41FEEA9F300FDB357 /* common_audio */ = {
			isa = PBXNativeTarget;
			buildConfigurationList = 5B3F58DD1FEEA9F300FDB357 /* Build configuration list for PBXNativeTarget "common_audio" */;
			buildPhases = (
				5B3F58D11FEEA9F300FDB357 /* Sources */,
				5B3F58D21FEEA9F300FDB357 /* Frameworks */,
				5B3F58D31FEEA9F300FDB357 /* Headers */,
			);
			buildRules = (
			);
			dependencies = (
			);
			name = common_audio;
			productName = common_audio;
			productReference = 5B3F58D51FEEA9F300FDB357 /* libcommon_audio.a */;
			productType = "com.apple.product-type.library.static";
		};
		5B3F58E31FEEAA0200FDB357 /* modules */ = {
			isa = PBXNativeTarget;
			buildConfigurationList = 5B3F58EC1FEEAA0200FDB357 /* Build configuration list for PBXNativeTarget "modules" */;
			buildPhases = (
				5B3F58E01FEEAA0200FDB357 /* Sources */,
				5B3F58E11FEEAA0200FDB357 /* Frameworks */,
				5B3F58E21FEEAA0200FDB357 /* Headers */,
			);
			buildRules = (
			);
			dependencies = (
			);
			name = modules;
			productName = modules;
			productReference = 5B3F58E41FEEAA0200FDB357 /* libmodules.a */;
			productType = "com.apple.product-type.library.static";
		};
		5B3F58F21FEEAA0D00FDB357 /* speech */ = {
			isa = PBXNativeTarget;
			buildConfigurationList = 5B3F58FB1FEEAA0D00FDB357 /* Build configuration list for PBXNativeTarget "speech" */;
			buildPhases = (
				5B3F58EF1FEEAA0D00FDB357 /* Sources */,
				5B3F58F01FEEAA0D00FDB357 /* Frameworks */,
				5B3F58F11FEEAA0D00FDB357 /* Headers */,
			);
			buildRules = (
			);
			dependencies = (
			);
			name = speech;
			productName = speech;
			productReference = 5B3F58F31FEEAA0D00FDB357 /* libspeech.a */;
			productType = "com.apple.product-type.library.static";
		};
		5B3F59011FEEAA1800FDB357 /* thirdlib */ = {
			isa = PBXNativeTarget;
			buildConfigurationList = 5B3F590A1FEEAA1800FDB357 /* Build configuration list for PBXNativeTarget "thirdlib" */;
			buildPhases = (
				5B3F58FE1FEEAA1800FDB357 /* Sources */,
				5B3F58FF1FEEAA1800FDB357 /* Frameworks */,
				5B3F59001FEEAA1800FDB357 /* Headers */,
			);
			buildRules = (
			);
			dependencies = (
			);
			name = thirdlib;
			productName = thirdlib;
			productReference = 5B3F59021FEEAA1800FDB357 /* libthirdlib.a */;
			productType = "com.apple.product-type.library.static";
		};
/* End PBXNativeTarget section */

/* Begin PBXProject section */
		5B3F58B01FEEA9C700FDB357 /* Project object */ = {
			isa = PBXProject;
			attributes = {
				LastUpgradeCheck = 0920;
				ORGANIZATIONNAME = "薯条";
				TargetAttributes = {
					5B3F58B71FEEA9C700FDB357 = {
						CreatedOnToolsVersion = 9.2;
						ProvisioningStyle = Automatic;
					};
					5B3F58C51FEEA9E400FDB357 = {
						CreatedOnToolsVersion = 9.2;
						ProvisioningStyle = Automatic;
					};
					5B3F58D41FEEA9F300FDB357 = {
						CreatedOnToolsVersion = 9.2;
						ProvisioningStyle = Automatic;
					};
					5B3F58E31FEEAA0200FDB357 = {
						CreatedOnToolsVersion = 9.2;
						ProvisioningStyle = Automatic;
					};
					5B3F58F21FEEAA0D00FDB357 = {
						CreatedOnToolsVersion = 9.2;
						ProvisioningStyle = Automatic;
					};
					5B3F59011FEEAA1800FDB357 = {
						CreatedOnToolsVersion = 9.2;
						ProvisioningStyle = Automatic;
					};
				};
			};
			buildConfigurationList = 5B3F58B31FEEA9C700FDB357 /* Build configuration list for PBXProject "vsys" */;
			compatibilityVersion = "Xcode 8.0";
			developmentRegion = en;
			hasScannedForEncodings = 0;
			knownRegions = (
				en,
			);
			mainGroup = 5B3F58AF1FEEA9C700FDB357;
			productRefGroup = 5B3F58B91FEEA9C700FDB357 /* Products */;
			projectDirPath = "";
			projectRoot = "";
			targets = (
				5B3F58B71FEEA9C700FDB357 /* vsys */,
				5B3F58C51FEEA9E400FDB357 /* blacksiren */,
				5B3F58D41FEEA9F300FDB357 /* common_audio */,
				5B3F58E31FEEAA0200FDB357 /* modules */,
				5B3F58F21FEEAA0D00FDB357 /* speech */,
				5B3F59011FEEAA1800FDB357 /* thirdlib */,
			);
		};
/* End PBXProject section */

/* Begin PBXSourcesBuildPhase section */
		5B3F58B41FEEA9C700FDB357 /* Sources */ = {
			isa = PBXSourcesBuildPhase;
			buildActionMask = 2147483647;
			files = (
				5B390CB31FF2AB110051824E /* zinput.cpp in Sources */,
				5B3172E61FFA9FF700BCDC7B /* zsildet3.cpp in Sources */,
				5B390CBF1FF2AB110051824E /* zbuff.cpp in Sources */,
				5B390CBC1FF2AB110051824E /* zfea2.cpp in Sources */,
				5B390CB71FF2AB110051824E /* zns.cpp in Sources */,
				5B390CAD1FF2AB110051824E /* zcfmem.cpp in Sources */,
				5B390CCF1FF2ABB50051824E /* zrsmem2.cpp in Sources */,
				5B390CBD1FF2AB110051824E /* zfea1.cpp in Sources */,
				5B390CD31FF2ABB50051824E /* fa_resample.cpp in Sources */,
				5B390C9E1FF2AB110051824E /* zslapi.cpp in Sources */,
				5B390CB91FF2AB110051824E /* zsl.cpp in Sources */,
				5B390CCE1FF2ABB50051824E /* zaudapi.cpp in Sources */,
				5B390CB81FF2AB110051824E /* zdirty.cpp in Sources */,
				5B390CD21FF2ABB50051824E /* zrsapi.cpp in Sources */,
				5B390CD01FF2ABB50051824E /* fa_fir.cpp in Sources */,
				5B390C971FF2AB110051824E /* zcomp_lstm_cell.cpp in Sources */,
				5B390C931FF2AB110051824E /* zcomp_linear.cpp in Sources */,
				5B390CA61FF2AB110051824E /* zmat.cpp in Sources */,
				5B390CB61FF2AB110051824E /* zvt.cpp in Sources */,
				5B390C941FF2AB110051824E /* znnet.cpp in Sources */,
				5B390CB01FF2AB110051824E /* zfftr2r.cpp in Sources */,
				5B3172E21FFA9FF700BCDC7B /* zvtmem.cpp in Sources */,
				5B3172E51FFA9FF700BCDC7B /* zphosto.cpp in Sources */,
				5B3172E31FFA9FF700BCDC7B /* zvtsto.cpp in Sources */,
				5B390CA01FF2AB110051824E /* spline.cpp in Sources */,
				5B3F58BC1FEEA9C700FDB357 /* main.cpp in Sources */,
				5B3172E41FFA9FF700BCDC7B /* zvtdet.cpp in Sources */,
				5B390CBB1FF2AB110051824E /* zvbvapi.cpp in Sources */,
				5B390CB41FF2AB110051824E /* zvbvmem.cpp in Sources */,
				5B390CB11FF2AB110051824E /* zfftr2c.cpp in Sources */,
				5B390C951FF2AB110051824E /* zcomp_activation.cpp in Sources */,
				5B390CBE1FF2AB110051824E /* zfilter.cpp in Sources */,
				5B3172D31FF7F4CF00BCDC7B /* zbf.cpp in Sources */,
				5B390CAE1FF2AB110051824E /* zcfapi.cpp in Sources */,
				5B390CA41FF2AB110051824E /* zcmat.cpp in Sources */,
				5B390C961FF2AB110051824E /* zcomp_affine.cpp in Sources */,
				5B390C921FF2AB110051824E /* zcomp.cpp in Sources */,
				5B390C9F1FF2AB110051824E /* zslmem.cpp in Sources */,
				5B390CA51FF2AB110051824E /* zvec.cpp in Sources */,
				5B3172D21FF7F4CF00BCDC7B /* zvad.cpp in Sources */,
				5B390CD11FF2ABB50051824E /* zrssto.cpp in Sources */,
				5B390CA21FF2AB110051824E /* zutil.cpp in Sources */,
				5B390CB21FF2AB110051824E /* zoutput.cpp in Sources */,
				5B3172E11FFA9FF700BCDC7B /* zvtapi.cpp in Sources */,
				5B390C981FF2AB110051824E /* zcomp_lstm.cpp in Sources */,
				5B390CA31FF2AB110051824E /* zmat_neon.cpp in Sources */,
			);
			runOnlyForDeploymentPostprocessing = 0;
		};
		5B3F58C21FEEA9E400FDB357 /* Sources */ = {
			isa = PBXSourcesBuildPhase;
			buildActionMask = 2147483647;
			files = (
				5B3F591F1FEEAC0500FDB357 /* siren_algorithm.cpp in Sources */,
				5B3F59181FEEAAD600FDB357 /* siren_impl.cpp in Sources */,
				5B3F59191FEEAAD600FDB357 /* siren.cpp in Sources */,
			);
			runOnlyForDeploymentPostprocessing = 0;
		};
		5B3F58D11FEEA9F300FDB357 /* Sources */ = {
			isa = PBXSourcesBuildPhase;
			buildActionMask = 2147483647;
			files = (
				5B3F59691FEEAC7200FDB357 /* vad.cpp in Sources */,
				5B3F595F1FEEAC7200FDB357 /* cod.cpp in Sources */,
				5B3F59661FEEAC7200FDB357 /* rdc.cpp in Sources */,
				5B3F595D1FEEAC7200FDB357 /* audio_converter.cpp in Sources */,
				5B3F596D1FEEAC7200FDB357 /* fa_fir.cpp in Sources */,
				5B3F596E1FEEAC7200FDB357 /* rs.cpp in Sources */,
				5B3F59541FEEAC7200FDB357 /* bf.cpp in Sources */,
				5B3F59711FEEAC7200FDB357 /* vbv.cpp in Sources */,
				5B3F59591FEEAC7200FDB357 /* vt.cpp in Sources */,
				5B3F59571FEEAC7200FDB357 /* aec.cpp in Sources */,
				5B3F59581FEEAC7200FDB357 /* audio_recorder.cpp in Sources */,
				5B3F59601FEEAC7200FDB357 /* agc.cpp in Sources */,
				5B3F596F1FEEAC7200FDB357 /* fa_resample.cpp in Sources */,
			);
			runOnlyForDeploymentPostprocessing = 0;
		};
		5B3F58E01FEEAA0200FDB357 /* Sources */ = {
			isa = PBXSourcesBuildPhase;
			buildActionMask = 2147483647;
			files = (
			);
			runOnlyForDeploymentPostprocessing = 0;
		};
		5B3F58EF1FEEAA0D00FDB357 /* Sources */ = {
			isa = PBXSourcesBuildPhase;
			buildActionMask = 2147483647;
			files = (
				5B3F599E1FEEAC9E00FDB357 /* tts.pb.cc in Sources */,
				5B3F59A91FEEAC9E00FDB357 /* log.cc in Sources */,
				5B3F599B1FEEAC9E00FDB357 /* auth.pb.cc in Sources */,
				5B3F59AC1FEEAC9E00FDB357 /* tts_impl.cc in Sources */,
				5B3F599A1FEEAC9E00FDB357 /* speech_types.pb.cc in Sources */,
				5B3F59A31FEEAC9E00FDB357 /* speech_impl.cc in Sources */,
				5B3F599D1FEEAC9E00FDB357 /* speech.pb.cc in Sources */,
				5B3F59A51FEEAC9E00FDB357 /* speech_connection.cc in Sources */,
			);
			runOnlyForDeploymentPostprocessing = 0;
		};
		5B3F58FE1FEEAA1800FDB357 /* Sources */ = {
			isa = PBXSourcesBuildPhase;
			buildActionMask = 2147483647;
			files = (
			);
			runOnlyForDeploymentPostprocessing = 0;
		};
/* End PBXSourcesBuildPhase section */

/* Begin XCBuildConfiguration section */
		5B3F58BD1FEEA9C700FDB357 /* Debug */ = {
			isa = XCBuildConfiguration;
			buildSettings = {
				ALWAYS_SEARCH_USER_PATHS = NO;
				CLANG_ANALYZER_NONNULL = YES;
				CLANG_ANALYZER_NUMBER_OBJECT_CONVERSION = YES_AGGRESSIVE;
				CLANG_CXX_LANGUAGE_STANDARD = "gnu++14";
				CLANG_CXX_LIBRARY = "libc++";
				CLANG_ENABLE_MODULES = YES;
				CLANG_ENABLE_OBJC_ARC = YES;
				CLANG_WARN_BLOCK_CAPTURE_AUTORELEASING = YES;
				CLANG_WARN_BOOL_CONVERSION = YES;
				CLANG_WARN_COMMA = YES;
				CLANG_WARN_CONSTANT_CONVERSION = YES;
				CLANG_WARN_DIRECT_OBJC_ISA_USAGE = YES_ERROR;
				CLANG_WARN_DOCUMENTATION_COMMENTS = YES;
				CLANG_WARN_EMPTY_BODY = YES;
				CLANG_WARN_ENUM_CONVERSION = YES;
				CLANG_WARN_INFINITE_RECURSION = YES;
				CLANG_WARN_INT_CONVERSION = YES;
				CLANG_WARN_NON_LITERAL_NULL_CONVERSION = YES;
				CLANG_WARN_OBJC_LITERAL_CONVERSION = YES;
				CLANG_WARN_OBJC_ROOT_CLASS = YES_ERROR;
				CLANG_WARN_RANGE_LOOP_ANALYSIS = YES;
				CLANG_WARN_STRICT_PROTOTYPES = YES;
				CLANG_WARN_SUSPICIOUS_MOVE = YES;
				CLANG_WARN_UNGUARDED_AVAILABILITY = YES_AGGRESSIVE;
				CLANG_WARN_UNREACHABLE_CODE = YES;
				CLANG_WARN__DUPLICATE_METHOD_MATCH = YES;
				CODE_SIGN_IDENTITY = "-";
				COPY_PHASE_STRIP = NO;
				DEBUG_INFORMATION_FORMAT = dwarf;
				ENABLE_STRICT_OBJC_MSGSEND = YES;
				ENABLE_TESTABILITY = YES;
				GCC_C_LANGUAGE_STANDARD = gnu11;
				GCC_DYNAMIC_NO_PIC = NO;
				GCC_NO_COMMON_BLOCKS = YES;
				GCC_OPTIMIZATION_LEVEL = 0;
				GCC_PREPROCESSOR_DEFINITIONS = (
					"DEBUG=1",
					"$(inherited)",
				);
				GCC_WARN_64_TO_32_BIT_CONVERSION = YES;
				GCC_WARN_ABOUT_RETURN_TYPE = YES_ERROR;
				GCC_WARN_UNDECLARED_SELECTOR = YES;
				GCC_WARN_UNINITIALIZED_AUTOS = YES_AGGRESSIVE;
				GCC_WARN_UNUSED_FUNCTION = YES;
				GCC_WARN_UNUSED_VARIABLE = YES;
				MACOSX_DEPLOYMENT_TARGET = 10.13;
				MTL_ENABLE_DEBUG_INFO = YES;
				ONLY_ACTIVE_ARCH = YES;
				SDKROOT = macosx;
			};
			name = Debug;
		};
		5B3F58BE1FEEA9C700FDB357 /* Release */ = {
			isa = XCBuildConfiguration;
			buildSettings = {
				ALWAYS_SEARCH_USER_PATHS = NO;
				CLANG_ANALYZER_NONNULL = YES;
				CLANG_ANALYZER_NUMBER_OBJECT_CONVERSION = YES_AGGRESSIVE;
				CLANG_CXX_LANGUAGE_STANDARD = "gnu++14";
				CLANG_CXX_LIBRARY = "libc++";
				CLANG_ENABLE_MODULES = YES;
				CLANG_ENABLE_OBJC_ARC = YES;
				CLANG_WARN_BLOCK_CAPTURE_AUTORELEASING = YES;
				CLANG_WARN_BOOL_CONVERSION = YES;
				CLANG_WARN_COMMA = YES;
				CLANG_WARN_CONSTANT_CONVERSION = YES;
				CLANG_WARN_DIRECT_OBJC_ISA_USAGE = YES_ERROR;
				CLANG_WARN_DOCUMENTATION_COMMENTS = YES;
				CLANG_WARN_EMPTY_BODY = YES;
				CLANG_WARN_ENUM_CONVERSION = YES;
				CLANG_WARN_INFINITE_RECURSION = YES;
				CLANG_WARN_INT_CONVERSION = YES;
				CLANG_WARN_NON_LITERAL_NULL_CONVERSION = YES;
				CLANG_WARN_OBJC_LITERAL_CONVERSION = YES;
				CLANG_WARN_OBJC_ROOT_CLASS = YES_ERROR;
				CLANG_WARN_RANGE_LOOP_ANALYSIS = YES;
				CLANG_WARN_STRICT_PROTOTYPES = YES;
				CLANG_WARN_SUSPICIOUS_MOVE = YES;
				CLANG_WARN_UNGUARDED_AVAILABILITY = YES_AGGRESSIVE;
				CLANG_WARN_UNREACHABLE_CODE = YES;
				CLANG_WARN__DUPLICATE_METHOD_MATCH = YES;
				CODE_SIGN_IDENTITY = "-";
				COPY_PHASE_STRIP = NO;
				DEBUG_INFORMATION_FORMAT = "dwarf-with-dsym";
				ENABLE_NS_ASSERTIONS = NO;
				ENABLE_STRICT_OBJC_MSGSEND = YES;
				GCC_C_LANGUAGE_STANDARD = gnu11;
				GCC_NO_COMMON_BLOCKS = YES;
				GCC_WARN_64_TO_32_BIT_CONVERSION = YES;
				GCC_WARN_ABOUT_RETURN_TYPE = YES_ERROR;
				GCC_WARN_UNDECLARED_SELECTOR = YES;
				GCC_WARN_UNINITIALIZED_AUTOS = YES_AGGRESSIVE;
				GCC_WARN_UNUSED_FUNCTION = YES;
				GCC_WARN_UNUSED_VARIABLE = YES;
				MACOSX_DEPLOYMENT_TARGET = 10.13;
				MTL_ENABLE_DEBUG_INFO = NO;
				SDKROOT = macosx;
			};
			name = Release;
		};
		5B3F58C01FEEA9C700FDB357 /* Debug */ = {
			isa = XCBuildConfiguration;
			buildSettings = {
				CODE_SIGN_STYLE = Automatic;
				"HEADER_SEARCH_PATHS[arch=*]" = /Users/daixiang/external/thirdlib/mac/include;
				MACOSX_DEPLOYMENT_TARGET = 10.12.6;
				PRODUCT_NAME = "$(TARGET_NAME)";
			};
			name = Debug;
		};
		5B3F58C11FEEA9C700FDB357 /* Release */ = {
			isa = XCBuildConfiguration;
			buildSettings = {
				CODE_SIGN_STYLE = Automatic;
				MACOSX_DEPLOYMENT_TARGET = 10.12.6;
				PRODUCT_NAME = "$(TARGET_NAME)";
			};
			name = Release;
		};
		5B3F58CF1FEEA9E400FDB357 /* Debug */ = {
			isa = XCBuildConfiguration;
			buildSettings = {
				CODE_SIGN_STYLE = Automatic;
				EXECUTABLE_PREFIX = lib;
				GCC_ENABLE_CPP_EXCEPTIONS = YES;
				GCC_ENABLE_CPP_RTTI = YES;
				PRODUCT_NAME = "$(TARGET_NAME)";
			};
			name = Debug;
		};
		5B3F58D01FEEA9E400FDB357 /* Release */ = {
			isa = XCBuildConfiguration;
			buildSettings = {
				CODE_SIGN_STYLE = Automatic;
				EXECUTABLE_PREFIX = lib;
				GCC_ENABLE_CPP_EXCEPTIONS = YES;
				GCC_ENABLE_CPP_RTTI = YES;
				PRODUCT_NAME = "$(TARGET_NAME)";
			};
			name = Release;
		};
		5B3F58DE1FEEA9F300FDB357 /* Debug */ = {
			isa = XCBuildConfiguration;
			buildSettings = {
				CODE_SIGN_STYLE = Automatic;
				EXECUTABLE_PREFIX = lib;
				GCC_ENABLE_CPP_EXCEPTIONS = YES;
				GCC_ENABLE_CPP_RTTI = YES;
				"HEADER_SEARCH_PATHS[arch=*]" = /Users/daixiang/external/thirdlib/mac/include;
				"LIBRARY_SEARCH_PATHS[arch=*]" = /Users/daixiang/external/thirdlib/mac/lib;
				PRODUCT_NAME = "$(TARGET_NAME)";
			};
			name = Debug;
		};
		5B3F58DF1FEEA9F300FDB357 /* Release */ = {
			isa = XCBuildConfiguration;
			buildSettings = {
				CODE_SIGN_STYLE = Automatic;
				EXECUTABLE_PREFIX = lib;
				GCC_ENABLE_CPP_EXCEPTIONS = YES;
				GCC_ENABLE_CPP_RTTI = YES;
				PRODUCT_NAME = "$(TARGET_NAME)";
			};
			name = Release;
		};
		5B3F58ED1FEEAA0200FDB357 /* Debug */ = {
			isa = XCBuildConfiguration;
			buildSettings = {
				CODE_SIGN_STYLE = Automatic;
				EXECUTABLE_PREFIX = lib;
				GCC_ENABLE_CPP_EXCEPTIONS = YES;
				GCC_ENABLE_CPP_RTTI = YES;
				PRODUCT_NAME = "$(TARGET_NAME)";
			};
			name = Debug;
		};
		5B3F58EE1FEEAA0200FDB357 /* Release */ = {
			isa = XCBuildConfiguration;
			buildSettings = {
				CODE_SIGN_STYLE = Automatic;
				EXECUTABLE_PREFIX = lib;
				GCC_ENABLE_CPP_EXCEPTIONS = YES;
				GCC_ENABLE_CPP_RTTI = YES;
				PRODUCT_NAME = "$(TARGET_NAME)";
			};
			name = Release;
		};
		5B3F58FC1FEEAA0D00FDB357 /* Debug */ = {
			isa = XCBuildConfiguration;
			buildSettings = {
				CODE_SIGN_STYLE = Automatic;
				EXECUTABLE_PREFIX = lib;
				GCC_ENABLE_CPP_EXCEPTIONS = YES;
				GCC_ENABLE_CPP_RTTI = YES;
				PRODUCT_NAME = "$(TARGET_NAME)";
			};
			name = Debug;
		};
		5B3F58FD1FEEAA0D00FDB357 /* Release */ = {
			isa = XCBuildConfiguration;
			buildSettings = {
				CODE_SIGN_STYLE = Automatic;
				EXECUTABLE_PREFIX = lib;
				GCC_ENABLE_CPP_EXCEPTIONS = YES;
				GCC_ENABLE_CPP_RTTI = YES;
				PRODUCT_NAME = "$(TARGET_NAME)";
			};
			name = Release;
		};
		5B3F590B1FEEAA1800FDB357 /* Debug */ = {
			isa = XCBuildConfiguration;
			buildSettings = {
				CODE_SIGN_STYLE = Automatic;
				EXECUTABLE_PREFIX = lib;
				GCC_ENABLE_CPP_EXCEPTIONS = YES;
				GCC_ENABLE_CPP_RTTI = YES;
				PRODUCT_NAME = "$(TARGET_NAME)";
			};
			name = Debug;
		};
		5B3F590C1FEEAA1800FDB357 /* Release */ = {
			isa = XCBuildConfiguration;
			buildSettings = {
				CODE_SIGN_STYLE = Automatic;
				EXECUTABLE_PREFIX = lib;
				GCC_ENABLE_CPP_EXCEPTIONS = YES;
				GCC_ENABLE_CPP_RTTI = YES;
				PRODUCT_NAME = "$(TARGET_NAME)";
			};
			name = Release;
		};
/* End XCBuildConfiguration section */

/* Begin XCConfigurationList section */
		5B3F58B31FEEA9C700FDB357 /* Build configuration list for PBXProject "vsys" */ = {
			isa = XCConfigurationList;
			buildConfigurations = (
				5B3F58BD1FEEA9C700FDB357 /* Debug */,
				5B3F58BE1FEEA9C700FDB357 /* Release */,
			);
			defaultConfigurationIsVisible = 0;
			defaultConfigurationName = Release;
		};
		5B3F58BF1FEEA9C700FDB357 /* Build configuration list for PBXNativeTarget "vsys" */ = {
			isa = XCConfigurationList;
			buildConfigurations = (
				5B3F58C01FEEA9C700FDB357 /* Debug */,
				5B3F58C11FEEA9C700FDB357 /* Release */,
			);
			defaultConfigurationIsVisible = 0;
			defaultConfigurationName = Release;
		};
		5B3F58CE1FEEA9E400FDB357 /* Build configuration list for PBXNativeTarget "blacksiren" */ = {
			isa = XCConfigurationList;
			buildConfigurations = (
				5B3F58CF1FEEA9E400FDB357 /* Debug */,
				5B3F58D01FEEA9E400FDB357 /* Release */,
			);
			defaultConfigurationIsVisible = 0;
			defaultConfigurationName = Release;
		};
		5B3F58DD1FEEA9F300FDB357 /* Build configuration list for PBXNativeTarget "common_audio" */ = {
			isa = XCConfigurationList;
			buildConfigurations = (
				5B3F58DE1FEEA9F300FDB357 /* Debug */,
				5B3F58DF1FEEA9F300FDB357 /* Release */,
			);
			defaultConfigurationIsVisible = 0;
			defaultConfigurationName = Release;
		};
		5B3F58EC1FEEAA0200FDB357 /* Build configuration list for PBXNativeTarget "modules" */ = {
			isa = XCConfigurationList;
			buildConfigurations = (
				5B3F58ED1FEEAA0200FDB357 /* Debug */,
				5B3F58EE1FEEAA0200FDB357 /* Release */,
			);
			defaultConfigurationIsVisible = 0;
			defaultConfigurationName = Release;
		};
		5B3F58FB1FEEAA0D00FDB357 /* Build configuration list for PBXNativeTarget "speech" */ = {
			isa = XCConfigurationList;
			buildConfigurations = (
				5B3F58FC1FEEAA0D00FDB357 /* Debug */,
				5B3F58FD1FEEAA0D00FDB357 /* Release */,
			);
			defaultConfigurationIsVisible = 0;
			defaultConfigurationName = Release;
		};
		5B3F590A1FEEAA1800FDB357 /* Build configuration list for PBXNativeTarget "thirdlib" */ = {
			isa = XCConfigurationList;
			buildConfigurations = (
				5B3F590B1FEEAA1800FDB357 /* Debug */,
				5B3F590C1FEEAA1800FDB357 /* Release */,
			);
			defaultConfigurationIsVisible = 0;
			defaultConfigurationName = Release;
		};
/* End XCConfigurationList section */
	};
	rootObject = 5B3F58B01FEEA9C700FDB357 /* Project object */;
}
